// !$*UTF8*$!
{
	archiveVersion = 1;
	classes = {
	};
	objectVersion = 56;
	objects = {

/* Begin PBXBuildFile section */
		63C4ACAC29C19203001301BD /* AppDelegate.swift in Sources */ = {isa = PBXBuildFile; fileRef = 63C4ACAB29C19203001301BD /* AppDelegate.swift */; };
		63C4ACAE29C19203001301BD /* SceneDelegate.swift in Sources */ = {isa = PBXBuildFile; fileRef = 63C4ACAD29C19203001301BD /* SceneDelegate.swift */; };
		63C4ACB029C19203001301BD /* ViewController.swift in Sources */ = {isa = PBXBuildFile; fileRef = 63C4ACAF29C19203001301BD /* ViewController.swift */; };
		63C4ACB329C19203001301BD /* Main.storyboard in Resources */ = {isa = PBXBuildFile; fileRef = 63C4ACB129C19203001301BD /* Main.storyboard */; };
		63C4ACB529C19204001301BD /* Assets.xcassets in Resources */ = {isa = PBXBuildFile; fileRef = 63C4ACB429C19204001301BD /* Assets.xcassets */; };
		63C4ACB829C19204001301BD /* LaunchScreen.storyboard in Resources */ = {isa = PBXBuildFile; fileRef = 63C4ACB629C19204001301BD /* LaunchScreen.storyboard */; };
		63E0902529C34B260075B726 /* RickView.swift in Sources */ = {isa = PBXBuildFile; fileRef = 63E0902329C34B260075B726 /* RickView.swift */; };
		63E0902629C34B260075B726 /* Rick.xib in Resources */ = {isa = PBXBuildFile; fileRef = 63E0902429C34B260075B726 /* Rick.xib */; };
/* End PBXBuildFile section */

/* Begin PBXFileReference section */
		63C4ACA829C19203001301BD /* 5-CarouselEffect.app */ = {isa = PBXFileReference; explicitFileType = wrapper.application; includeInIndex = 0; path = "5-CarouselEffect.app"; sourceTree = BUILT_PRODUCTS_DIR; };
		63C4ACAB29C19203001301BD /* AppDelegate.swift */ = {isa = PBXFileReference; lastKnownFileType = sourcecode.swift; path = AppDelegate.swift; sourceTree = "<group>"; };
		63C4ACAD29C19203001301BD /* SceneDelegate.swift */ = {isa = PBXFileReference; lastKnownFileType = sourcecode.swift; path = SceneDelegate.swift; sourceTree = "<group>"; };
		63C4ACAF29C19203001301BD /* ViewController.swift */ = {isa = PBXFileReference; lastKnownFileType = sourcecode.swift; path = ViewController.swift; sourceTree = "<group>"; };
		63C4ACB229C19203001301BD /* Base */ = {isa = PBXFileReference; lastKnownFileType = file.storyboard; name = Base; path = Base.lproj/Main.storyboard; sourceTree = "<group>"; };
		63C4ACB429C19204001301BD /* Assets.xcassets */ = {isa = PBXFileReference; lastKnownFileType = folder.assetcatalog; path = Assets.xcassets; sourceTree = "<group>"; };
		63C4ACB729C19204001301BD /* Base */ = {isa = PBXFileReference; lastKnownFileType = file.storyboard; name = Base; path = Base.lproj/LaunchScreen.storyboard; sourceTree = "<group>"; };
		63C4ACB929C19204001301BD /* Info.plist */ = {isa = PBXFileReference; lastKnownFileType = text.plist.xml; path = Info.plist; sourceTree = "<group>"; };
		63E0902329C34B260075B726 /* RickView.swift */ = {isa = PBXFileReference; lastKnownFileType = sourcecode.swift; path = RickView.swift; sourceTree = "<group>"; };
		63E0902429C34B260075B726 /* Rick.xib */ = {isa = PBXFileReference; lastKnownFileType = file.xib; path = Rick.xib; sourceTree = "<group>"; };
/* End PBXFileReference section */

/* Begin PBXFrameworksBuildPhase section */
		63C4ACA529C19203001301BD /* Frameworks */ = {
			isa = PBXFrameworksBuildPhase;
			buildActionMask = 2147483647;
			files = (
			);
			runOnlyForDeploymentPostprocessing = 0;
		};
/* End PBXFrameworksBuildPhase section */

/* Begin PBXGroup section */
		63C4AC9F29C19203001301BD = {
			isa = PBXGroup;
			children = (
				63C4ACAA29C19203001301BD /* 5-CarouselEffect */,
				63C4ACA929C19203001301BD /* Products */,
			);
			sourceTree = "<group>";
		};
		63C4ACA929C19203001301BD /* Products */ = {
			isa = PBXGroup;
			children = (
				63C4ACA829C19203001301BD /* 5-CarouselEffect.app */,
			);
			name = Products;
			sourceTree = "<group>";
		};
		63C4ACAA29C19203001301BD /* 5-CarouselEffect */ = {
			isa = PBXGroup;
			children = (
				63C4ACAB29C19203001301BD /* AppDelegate.swift */,
				63C4ACAD29C19203001301BD /* SceneDelegate.swift */,
				63C4ACAF29C19203001301BD /* ViewController.swift */,
				63C4ACB129C19203001301BD /* Main.storyboard */,
				63E0902329C34B260075B726 /* RickView.swift */,
				63E0902429C34B260075B726 /* Rick.xib */,
				63C4ACB429C19204001301BD /* Assets.xcassets */,
				63C4ACB629C19204001301BD /* LaunchScreen.storyboard */,
				63C4ACB929C19204001301BD /* Info.plist */,
			);
			path = "5-CarouselEffect";
			sourceTree = "<group>";
		};
/* End PBXGroup section */

/* Begin PBXNativeTarget section */
		63C4ACA729C19203001301BD /* 5-CarouselEffect */ = {
			isa = PBXNativeTarget;
			buildConfigurationList = 63C4ACBC29C19204001301BD /* Build configuration list for PBXNativeTarget "5-CarouselEffect" */;
			buildPhases = (
				63C4ACA429C19203001301BD /* Sources */,
				63C4ACA529C19203001301BD /* Frameworks */,
				63C4ACA629C19203001301BD /* Resources */,
			);
			buildRules = (
			);
			dependencies = (
			);
			name = "5-CarouselEffect";
			productName = "5-CarouselEffect";
			productReference = 63C4ACA829C19203001301BD /* 5-CarouselEffect.app */;
			productType = "com.apple.product-type.application";
		};
/* End PBXNativeTarget section */

/* Begin PBXProject section */
		63C4ACA029C19203001301BD /* Project object */ = {
			isa = PBXProject;
			attributes = {
				BuildIndependentTargetsInParallel = 1;
				LastSwiftUpdateCheck = 1420;
				LastUpgradeCheck = 1420;
				TargetAttributes = {
					63C4ACA729C19203001301BD = {
						CreatedOnToolsVersion = 14.2;
					};
				};
			};
			buildConfigurationList = 63C4ACA329C19203001301BD /* Build configuration list for PBXProject "5-CarouselEffect" */;
			compatibilityVersion = "Xcode 14.0";
			developmentRegion = en;
			hasScannedForEncodings = 0;
			knownRegions = (
				en,
				Base,
			);
			mainGroup = 63C4AC9F29C19203001301BD;
			productRefGroup = 63C4ACA929C19203001301BD /* Products */;
			projectDirPath = "";
			projectRoot = "";
			targets = (
				63C4ACA729C19203001301BD /* 5-CarouselEffect */,
			);
		};
/* End PBXProject section */

/* Begin PBXResourcesBuildPhase section */
		63C4ACA629C19203001301BD /* Resources */ = {
			isa = PBXResourcesBuildPhase;
			buildActionMask = 2147483647;
			files = (
				63C4ACB829C19204001301BD /* LaunchScreen.storyboard in Resources */,
				63C4ACB529C19204001301BD /* Assets.xcassets in Resources */,
				63E0902629C34B260075B726 /* Rick.xib in Resources */,
				63C4ACB329C19203001301BD /* Main.storyboard in Resources */,
			);
			runOnlyForDeploymentPostprocessing = 0;
		};
/* End PBXResourcesBuildPhase section */

/* Begin PBXSourcesBuildPhase section */
		63C4ACA429C19203001301BD /* Sources */ = {
			isa = PBXSourcesBuildPhase;
			buildActionMask = 2147483647;
			files = (
				63C4ACB029C19203001301BD /* ViewController.swift in Sources */,
				63C4ACAC29C19203001301BD /* AppDelegate.swift in Sources */,
				63C4ACAE29C19203001301BD /* SceneDelegate.swift in Sources */,
				63E0902529C34B260075B726 /* RickView.swift in Sources */,
			);
			runOnlyForDeploymentPostprocessing = 0;
		};
/* End PBXSourcesBuildPhase section */

/* Begin PBXVariantGroup section */
		63C4ACB129C19203001301BD /* Main.storyboard */ = {
			isa = PBXVariantGroup;
			children = (
				63C4ACB229C19203001301BD /* Base */,
			);
			name = Main.storyboard;
			sourceTree = "<group>";
		};
		63C4ACB629C19204001301BD /* LaunchScreen.storyboard */ = {
			isa = PBXVariantGroup;
			children = (
				63C4ACB729C19204001301BD /* Base */,
			);
			name = LaunchScreen.storyboard;
			sourceTree = "<group>";
		};
/* End PBXVariantGroup section */

/* Begin XCBuildConfiguration section */
		63C4ACBA29C19204001301BD /* Debug */ = {
			isa = XCBuildConfiguration;
			buildSettings = {
				ALWAYS_SEARCH_USER_PATHS = NO;
				CLANG_ANALYZER_NONNULL = YES;
				CLANG_ANALYZER_NUMBER_OBJECT_CONVERSION = YES_AGGRESSIVE;
				CLANG_CXX_LANGUAGE_STANDARD = "gnu++20";
				CLANG_ENABLE_MODULES = YES;
				CLANG_ENABLE_OBJC_ARC = YES;
				CLANG_ENABLE_OBJC_WEAK = YES;
				CLANG_WARN_BLOCK_CAPTURE_AUTORELEASING = YES;
				CLANG_WARN_BOOL_CONVERSION = YES;
				CLANG_WARN_COMMA = YES;
				CLANG_WARN_CONSTANT_CONVERSION = YES;
				CLANG_WARN_DEPRECATED_OBJC_IMPLEMENTATIONS = YES;
				CLANG_WARN_DIRECT_OBJC_ISA_USAGE = YES_ERROR;
				CLANG_WARN_DOCUMENTATION_COMMENTS = YES;
				CLANG_WARN_EMPTY_BODY = YES;
				CLANG_WARN_ENUM_CONVERSION = YES;
				CLANG_WARN_INFINITE_RECURSION = YES;
				CLANG_WARN_INT_CONVERSION = YES;
				CLANG_WARN_NON_LITERAL_NULL_CONVERSION = YES;
				CLANG_WARN_OBJC_IMPLICIT_RETAIN_SELF = YES;
				CLANG_WARN_OBJC_LITERAL_CONVERSION = YES;
				CLANG_WARN_OBJC_ROOT_CLASS = YES_ERROR;
				CLANG_WARN_QUOTED_INCLUDE_IN_FRAMEWORK_HEADER = YES;
				CLANG_WARN_RANGE_LOOP_ANALYSIS = YES;
				CLANG_WARN_STRICT_PROTOTYPES = YES;
				CLANG_WARN_SUSPICIOUS_MOVE = YES;
				CLANG_WARN_UNGUARDED_AVAILABILITY = YES_AGGRESSIVE;
				CLANG_WARN_UNREACHABLE_CODE = YES;
				CLANG_WARN__DUPLICATE_METHOD_MATCH = YES;
				COPY_PHASE_STRIP = NO;
				DEBUG_INFORMATION_FORMAT = dwarf;
				ENABLE_STRICT_OBJC_MSGSEND = YES;
				ENABLE_TESTABILITY = YES;
				GCC_C_LANGUAGE_STANDARD = gnu11;
				GCC_DYNAMIC_NO_PIC = NO;
				GCC_NO_COMMON_BLOCKS = YES;
				GCC_OPTIMIZATION_LEVEL = 0;
				GCC_PREPROCESSOR_DEFINITIONS = (
					"DEBUG=1",
					"$(inherited)",
				);
				GCC_WARN_64_TO_32_BIT_CONVERSION = YES;
				GCC_WARN_ABOUT_RETURN_TYPE = YES_ERROR;
				GCC_WARN_UNDECLARED_SELECTOR = YES;
				GCC_WARN_UNINITIALIZED_AUTOS = YES_AGGRESSIVE;
				GCC_WARN_UNUSED_FUNCTION = YES;
				GCC_WARN_UNUSED_VARIABLE = YES;
				IPHONEOS_DEPLOYMENT_TARGET = 16.2;
				MTL_ENABLE_DEBUG_INFO = INCLUDE_SOURCE;
				MTL_FAST_MATH = YES;
				ONLY_ACTIVE_ARCH = YES;
				SDKROOT = iphoneos;
				SWIFT_ACTIVE_COMPILATION_CONDITIONS = DEBUG;
				SWIFT_OPTIMIZATION_LEVEL = "-Onone";
			};
			name = Debug;
		};
		63C4ACBB29C19204001301BD /* Release */ = {
			isa = XCBuildConfiguration;
			buildSettings = {
				ALWAYS_SEARCH_USER_PATHS = NO;
				CLANG_ANALYZER_NONNULL = YES;
				CLANG_ANALYZER_NUMBER_OBJECT_CONVERSION = YES_AGGRESSIVE;
				CLANG_CXX_LANGUAGE_STANDARD = "gnu++20";
				CLANG_ENABLE_MODULES = YES;
				CLANG_ENABLE_OBJC_ARC = YES;
				CLANG_ENABLE_OBJC_WEAK = YES;
				CLANG_WARN_BLOCK_CAPTURE_AUTORELEASING = YES;
				CLANG_WARN_BOOL_CONVERSION = YES;
				CLANG_WARN_COMMA = YES;
				CLANG_WARN_CONSTANT_CONVERSION = YES;
				CLANG_WARN_DEPRECATED_OBJC_IMPLEMENTATIONS = YES;
				CLANG_WARN_DIRECT_OBJC_ISA_USAGE = YES_ERROR;
				CLANG_WARN_DOCUMENTATION_COMMENTS = YES;
				CLANG_WARN_EMPTY_BODY = YES;
				CLANG_WARN_ENUM_CONVERSION = YES;
				CLANG_WARN_INFINITE_RECURSION = YES;
				CLANG_WARN_INT_CONVERSION = YES;
				CLANG_WARN_NON_LITERAL_NULL_CONVERSION = YES;
				CLANG_WARN_OBJC_IMPLICIT_RETAIN_SELF = YES;
				CLANG_WARN_OBJC_LITERAL_CONVERSION = YES;
				CLANG_WARN_OBJC_ROOT_CLASS = YES_ERROR;
				CLANG_WARN_QUOTED_INCLUDE_IN_FRAMEWORK_HEADER = YES;
				CLANG_WARN_RANGE_LOOP_ANALYSIS = YES;
				CLANG_WARN_STRICT_PROTOTYPES = YES;
				CLANG_WARN_SUSPICIOUS_MOVE = YES;
				CLANG_WARN_UNGUARDED_AVAILABILITY = YES_AGGRESSIVE;
				CLANG_WARN_UNREACHABLE_CODE = YES;
				CLANG_WARN__DUPLICATE_METHOD_MATCH = YES;
				COPY_PHASE_STRIP = NO;
				DEBUG_INFORMATION_FORMAT = "dwarf-with-dsym";
				ENABLE_NS_ASSERTIONS = NO;
				ENABLE_STRICT_OBJC_MSGSEND = YES;
				GCC_C_LANGUAGE_STANDARD = gnu11;
				GCC_NO_COMMON_BLOCKS = YES;
				GCC_WARN_64_TO_32_BIT_CONVERSION = YES;
				GCC_WARN_ABOUT_RETURN_TYPE = YES_ERROR;
				GCC_WARN_UNDECLARED_SELECTOR = YES;
				GCC_WARN_UNINITIALIZED_AUTOS = YES_AGGRESSIVE;
				GCC_WARN_UNUSED_FUNCTION = YES;
				GCC_WARN_UNUSED_VARIABLE = YES;
				IPHONEOS_DEPLOYMENT_TARGET = 16.2;
				MTL_ENABLE_DEBUG_INFO = NO;
				MTL_FAST_MATH = YES;
				SDKROOT = iphoneos;
				SWIFT_COMPILATION_MODE = wholemodule;
				SWIFT_OPTIMIZATION_LEVEL = "-O";
				VALIDATE_PRODUCT = YES;
			};
			name = Release;
		};
		63C4ACBD29C19204001301BD /* Debug */ = {
			isa = XCBuildConfiguration;
			buildSettings = {
				ASSETCATALOG_COMPILER_APPICON_NAME = AppIcon;
				ASSETCATALOG_COMPILER_GLOBAL_ACCENT_COLOR_NAME = AccentColor;
				CODE_SIGN_STYLE = Automatic;
				CURRENT_PROJECT_VERSION = 1;
				DEVELOPMENT_TEAM = B34M97ZY6W;
				GENERATE_INFOPLIST_FILE = YES;
				INFOPLIST_FILE = "5-CarouselEffect/Info.plist";
				INFOPLIST_KEY_UIApplicationSupportsIndirectInputEvents = YES;
				INFOPLIST_KEY_UILaunchStoryboardName = LaunchScreen;
				INFOPLIST_KEY_UIMainStoryboardFile = Main;
				INFOPLIST_KEY_UISupportedInterfaceOrientations = UIInterfaceOrientationPortrait;
				IPHONEOS_DEPLOYMENT_TARGET = 14.0;
				LD_RUNPATH_SEARCH_PATHS = (
					"$(inherited)",
					"@executable_path/Frameworks",
				);
				MARKETING_VERSION = 1.0;
				PRODUCT_BUNDLE_IDENTIFIER = "foranewlife.--CarouselEffect";
				PRODUCT_NAME = "$(TARGET_NAME)";
				SWIFT_EMIT_LOC_STRINGS = YES;
				SWIFT_VERSION = 5.0;
				TARGETED_DEVICE_FAMILY = "1,2";
			};
			name = Debug;
		};
		63C4ACBE29C19204001301BD /* Release */ = {
			isa = XCBuildConfiguration;
			buildSettings = {
				ASSETCATALOG_COMPILER_APPICON_NAME = AppIcon;
				ASSETCATALOG_COMPILER_GLOBAL_ACCENT_COLOR_NAME = AccentColor;
				CODE_SIGN_STYLE = Automatic;
				CURRENT_PROJECT_VERSION = 1;
				DEVELOPMENT_TEAM = B34M97ZY6W;
				GENERATE_INFOPLIST_FILE = YES;
				INFOPLIST_FILE = "5-CarouselEffect/Info.plist";
				INFOPLIST_KEY_UIApplicationSupportsIndirectInputEvents = YES;
				INFOPLIST_KEY_UILaunchStoryboardName = LaunchScreen;
				INFOPLIST_KEY_UIMainStoryboardFile = Main;
				INFOPLIST_KEY_UISupportedInterfaceOrientations = UIInterfaceOrientationPortrait;
				IPHONEOS_DEPLOYMENT_TARGET = 14.0;
				LD_RUNPATH_SEARCH_PATHS = (
					"$(inherited)",
					"@executable_path/Frameworks",
				);
				MARKETING_VERSION = 1.0;
				PRODUCT_BUNDLE_IDENTIFIER = "foranewlife.--CarouselEffect";
				PRODUCT_NAME = "$(TARGET_NAME)";
				SWIFT_EMIT_LOC_STRINGS = YES;
				SWIFT_VERSION = 5.0;
				TARGETED_DEVICE_FAMILY = "1,2";
			};
			name = Release;
		};
/* End XCBuildConfiguration section */

/* Begin XCConfigurationList section */
		63C4ACA329C19203001301BD /* Build configuration list for PBXProject "5-CarouselEffect" */ = {
			isa = XCConfigurationList;
			buildConfigurations = (
				63C4ACBA29C19204001301BD /* Debug */,
				63C4ACBB29C19204001301BD /* Release */,
			);
			defaultConfigurationIsVisible = 0;
			defaultConfigurationName = Release;
		};
		63C4ACBC29C19204001301BD /* Build configuration list for PBXNativeTarget "5-CarouselEffect" */ = {
			isa = XCConfigurationList;
			buildConfigurations = (
				63C4ACBD29C19204001301BD /* Debug */,
				63C4ACBE29C19204001301BD /* Release */,
			);
			defaultConfigurationIsVisible = 0;
			defaultConfigurationName = Release;
		};
/* End XCConfigurationList section */
	};
	rootObject = 63C4ACA029C19203001301BD /* Project object */;
}
