// !$*UTF8*$!
{
	archiveVersion = 1;
	classes = {
	};
	objectVersion = 50;
	objects = {

/* Begin PBXBuildFile section */
		A353343229B7F2DB0061EDC2 /* AppDelegate.swift in Sources */ = {isa = PBXBuildFile; fileRef = A353343129B7F2DB0061EDC2 /* AppDelegate.swift */; };
		A353343429B7F2DB0061EDC2 /* SceneDelegate.swift in Sources */ = {isa = PBXBuildFile; fileRef = A353343329B7F2DB0061EDC2 /* SceneDelegate.swift */; };
		A353343629B7F2DB0061EDC2 /* ViewController.swift in Sources */ = {isa = PBXBuildFile; fileRef = A353343529B7F2DB0061EDC2 /* ViewController.swift */; };
		A353343929B7F2DC0061EDC2 /* Main.storyboard in Resources */ = {isa = PBXBuildFile; fileRef = A353343729B7F2DC0061EDC2 /* Main.storyboard */; };
		A353343B29B7F2DD0061EDC2 /* Assets.xcassets in Resources */ = {isa = PBXBuildFile; fileRef = A353343A29B7F2DD0061EDC2 /* Assets.xcassets */; };
		A353343E29B7F2DD0061EDC2 /* LaunchScreen.storyboard in Resources */ = {isa = PBXBuildFile; fileRef = A353343C29B7F2DD0061EDC2 /* LaunchScreen.storyboard */; };
/* End PBXBuildFile section */

/* Begin PBXFileReference section */
		A353342E29B7F2DB0061EDC2 /* SnapyMenu.app */ = {isa = PBXFileReference; explicitFileType = wrapper.application; includeInIndex = 0; path = SnapyMenu.app; sourceTree = BUILT_PRODUCTS_DIR; };
		A353343129B7F2DB0061EDC2 /* AppDelegate.swift */ = {isa = PBXFileReference; lastKnownFileType = sourcecode.swift; path = AppDelegate.swift; sourceTree = "<group>"; };
		A353343329B7F2DB0061EDC2 /* SceneDelegate.swift */ = {isa = PBXFileReference; lastKnownFileType = sourcecode.swift; path = SceneDelegate.swift; sourceTree = "<group>"; };
		A353343529B7F2DB0061EDC2 /* ViewController.swift */ = {isa = PBXFileReference; lastKnownFileType = sourcecode.swift; path = ViewController.swift; sourceTree = "<group>"; };
		A353343829B7F2DC0061EDC2 /* Base */ = {isa = PBXFileReference; lastKnownFileType = file.storyboard; name = Base; path = Base.lproj/Main.storyboard; sourceTree = "<group>"; };
		A353343A29B7F2DD0061EDC2 /* Assets.xcassets */ = {isa = PBXFileReference; lastKnownFileType = folder.assetcatalog; path = Assets.xcassets; sourceTree = "<group>"; };
		A353343D29B7F2DD0061EDC2 /* Base */ = {isa = PBXFileReference; lastKnownFileType = file.storyboard; name = Base; path = Base.lproj/LaunchScreen.storyboard; sourceTree = "<group>"; };
		A353343F29B7F2DD0061EDC2 /* Info.plist */ = {isa = PBXFileReference; lastKnownFileType = text.plist.xml; path = Info.plist; sourceTree = "<group>"; };
/* End PBXFileReference section */

/* Begin PBXFrameworksBuildPhase section */
		A353342B29B7F2DB0061EDC2 /* Frameworks */ = {
			isa = PBXFrameworksBuildPhase;
			buildActionMask = 2147483647;
			files = (
			);
			runOnlyForDeploymentPostprocessing = 0;
		};
/* End PBXFrameworksBuildPhase section */

/* Begin PBXGroup section */
		A353342529B7F2DB0061EDC2 = {
			isa = PBXGroup;
			children = (
				A353343029B7F2DB0061EDC2 /* SnapyMenu */,
				A353342F29B7F2DB0061EDC2 /* Products */,
			);
			sourceTree = "<group>";
		};
		A353342F29B7F2DB0061EDC2 /* Products */ = {
			isa = PBXGroup;
			children = (
				A353342E29B7F2DB0061EDC2 /* SnapyMenu.app */,
			);
			name = Products;
			sourceTree = "<group>";
		};
		A353343029B7F2DB0061EDC2 /* SnapyMenu */ = {
			isa = PBXGroup;
			children = (
				A353343129B7F2DB0061EDC2 /* AppDelegate.swift */,
				A353343329B7F2DB0061EDC2 /* SceneDelegate.swift */,
				A353343529B7F2DB0061EDC2 /* ViewController.swift */,
				A353343729B7F2DC0061EDC2 /* Main.storyboard */,
				A353343A29B7F2DD0061EDC2 /* Assets.xcassets */,
				A353343C29B7F2DD0061EDC2 /* LaunchScreen.storyboard */,
				A353343F29B7F2DD0061EDC2 /* Info.plist */,
			);
			path = SnapyMenu;
			sourceTree = "<group>";
		};
/* End PBXGroup section */

/* Begin PBXNativeTarget section */
		A353342D29B7F2DB0061EDC2 /* SnapyMenu */ = {
			isa = PBXNativeTarget;
			buildConfigurationList = A353344229B7F2DD0061EDC2 /* Build configuration list for PBXNativeTarget "SnapyMenu" */;
			buildPhases = (
				A353342A29B7F2DB0061EDC2 /* Sources */,
				A353342B29B7F2DB0061EDC2 /* Frameworks */,
				A353342C29B7F2DB0061EDC2 /* Resources */,
			);
			buildRules = (
			);
			dependencies = (
			);
			name = SnapyMenu;
			productName = SnapyMenu;
			productReference = A353342E29B7F2DB0061EDC2 /* SnapyMenu.app */;
			productType = "com.apple.product-type.application";
		};
/* End PBXNativeTarget section */

/* Begin PBXProject section */
		A353342629B7F2DB0061EDC2 /* Project object */ = {
			isa = PBXProject;
			attributes = {
				LastSwiftUpdateCheck = 1240;
				LastUpgradeCheck = 1240;
				TargetAttributes = {
					A353342D29B7F2DB0061EDC2 = {
						CreatedOnToolsVersion = 12.4;
					};
				};
			};
			buildConfigurationList = A353342929B7F2DB0061EDC2 /* Build configuration list for PBXProject "SnapyMenu" */;
			compatibilityVersion = "Xcode 9.3";
			developmentRegion = en;
			hasScannedForEncodings = 0;
			knownRegions = (
				en,
				Base,
			);
			mainGroup = A353342529B7F2DB0061EDC2;
			productRefGroup = A353342F29B7F2DB0061EDC2 /* Products */;
			projectDirPath = "";
			projectRoot = "";
			targets = (
				A353342D29B7F2DB0061EDC2 /* SnapyMenu */,
			);
		};
/* End PBXProject section */

/* Begin PBXResourcesBuildPhase section */
		A353342C29B7F2DB0061EDC2 /* Resources */ = {
			isa = PBXResourcesBuildPhase;
			buildActionMask = 2147483647;
			files = (
				A353343E29B7F2DD0061EDC2 /* LaunchScreen.storyboard in Resources */,
				A353343B29B7F2DD0061EDC2 /* Assets.xcassets in Resources */,
				A353343929B7F2DC0061EDC2 /* Main.storyboard in Resources */,
			);
			runOnlyForDeploymentPostprocessing = 0;
		};
/* End PBXResourcesBuildPhase section */

/* Begin PBXSourcesBuildPhase section */
		A353342A29B7F2DB0061EDC2 /* Sources */ = {
			isa = PBXSourcesBuildPhase;
			buildActionMask = 2147483647;
			files = (
				A353343629B7F2DB0061EDC2 /* ViewController.swift in Sources */,
				A353343229B7F2DB0061EDC2 /* AppDelegate.swift in Sources */,
				A353343429B7F2DB0061EDC2 /* SceneDelegate.swift in Sources */,
			);
			runOnlyForDeploymentPostprocessing = 0;
		};
/* End PBXSourcesBuildPhase section */

/* Begin PBXVariantGroup section */
		A353343729B7F2DC0061EDC2 /* Main.storyboard */ = {
			isa = PBXVariantGroup;
			children = (
				A353343829B7F2DC0061EDC2 /* Base */,
			);
			name = Main.storyboard;
			sourceTree = "<group>";
		};
		A353343C29B7F2DD0061EDC2 /* LaunchScreen.storyboard */ = {
			isa = PBXVariantGroup;
			children = (
				A353343D29B7F2DD0061EDC2 /* Base */,
			);
			name = LaunchScreen.storyboard;
			sourceTree = "<group>";
		};
/* End PBXVariantGroup section */

/* Begin XCBuildConfiguration section */
		A353344029B7F2DD0061EDC2 /* Debug */ = {
			isa = XCBuildConfiguration;
			buildSettings = {
				ALWAYS_SEARCH_USER_PATHS = NO;
				CLANG_ANALYZER_NONNULL = YES;
				CLANG_ANALYZER_NUMBER_OBJECT_CONVERSION = YES_AGGRESSIVE;
				CLANG_CXX_LANGUAGE_STANDARD = "gnu++14";
				CLANG_CXX_LIBRARY = "libc++";
				CLANG_ENABLE_MODULES = YES;
				CLANG_ENABLE_OBJC_ARC = YES;
				CLANG_ENABLE_OBJC_WEAK = YES;
				CLANG_WARN_BLOCK_CAPTURE_AUTORELEASING = YES;
				CLANG_WARN_BOOL_CONVERSION = YES;
				CLANG_WARN_COMMA = YES;
				CLANG_WARN_CONSTANT_CONVERSION = YES;
				CLANG_WARN_DEPRECATED_OBJC_IMPLEMENTATIONS = YES;
				CLANG_WARN_DIRECT_OBJC_ISA_USAGE = YES_ERROR;
				CLANG_WARN_DOCUMENTATION_COMMENTS = YES;
				CLANG_WARN_EMPTY_BODY = YES;
				CLANG_WARN_ENUM_CONVERSION = YES;
				CLANG_WARN_INFINITE_RECURSION = YES;
				CLANG_WARN_INT_CONVERSION = YES;
				CLANG_WARN_NON_LITERAL_NULL_CONVERSION = YES;
				CLANG_WARN_OBJC_IMPLICIT_RETAIN_SELF = YES;
				CLANG_WARN_OBJC_LITERAL_CONVERSION = YES;
				CLANG_WARN_OBJC_ROOT_CLASS = YES_ERROR;
				CLANG_WARN_QUOTED_INCLUDE_IN_FRAMEWORK_HEADER = YES;
				CLANG_WARN_RANGE_LOOP_ANALYSIS = YES;
				CLANG_WARN_STRICT_PROTOTYPES = YES;
				CLANG_WARN_SUSPICIOUS_MOVE = YES;
				CLANG_WARN_UNGUARDED_AVAILABILITY = YES_AGGRESSIVE;
				CLANG_WARN_UNREACHABLE_CODE = YES;
				CLANG_WARN__DUPLICATE_METHOD_MATCH = YES;
				COPY_PHASE_STRIP = NO;
				DEBUG_INFORMATION_FORMAT = dwarf;
				ENABLE_STRICT_OBJC_MSGSEND = YES;
				ENABLE_TESTABILITY = YES;
				GCC_C_LANGUAGE_STANDARD = gnu11;
				GCC_DYNAMIC_NO_PIC = NO;
				GCC_NO_COMMON_BLOCKS = YES;
				GCC_OPTIMIZATION_LEVEL = 0;
				GCC_PREPROCESSOR_DEFINITIONS = (
					"DEBUG=1",
					"$(inherited)",
				);
				GCC_WARN_64_TO_32_BIT_CONVERSION = YES;
				GCC_WARN_ABOUT_RETURN_TYPE = YES_ERROR;
				GCC_WARN_UNDECLARED_SELECTOR = YES;
				GCC_WARN_UNINITIALIZED_AUTOS = YES_AGGRESSIVE;
				GCC_WARN_UNUSED_FUNCTION = YES;
				GCC_WARN_UNUSED_VARIABLE = YES;
				IPHONEOS_DEPLOYMENT_TARGET = 14.4;
				MTL_ENABLE_DEBUG_INFO = INCLUDE_SOURCE;
				MTL_FAST_MATH = YES;
				ONLY_ACTIVE_ARCH = YES;
				SDKROOT = iphoneos;
				SWIFT_ACTIVE_COMPILATION_CONDITIONS = DEBUG;
				SWIFT_OPTIMIZATION_LEVEL = "-Onone";
			};
			name = Debug;
		};
		A353344129B7F2DD0061EDC2 /* Release */ = {
			isa = XCBuildConfiguration;
			buildSettings = {
				ALWAYS_SEARCH_USER_PATHS = NO;
				CLANG_ANALYZER_NONNULL = YES;
				CLANG_ANALYZER_NUMBER_OBJECT_CONVERSION = YES_AGGRESSIVE;
				CLANG_CXX_LANGUAGE_STANDARD = "gnu++14";
				CLANG_CXX_LIBRARY = "libc++";
				CLANG_ENABLE_MODULES = YES;
				CLANG_ENABLE_OBJC_ARC = YES;
				CLANG_ENABLE_OBJC_WEAK = YES;
				CLANG_WARN_BLOCK_CAPTURE_AUTORELEASING = YES;
				CLANG_WARN_BOOL_CONVERSION = YES;
				CLANG_WARN_COMMA = YES;
				CLANG_WARN_CONSTANT_CONVERSION = YES;
				CLANG_WARN_DEPRECATED_OBJC_IMPLEMENTATIONS = YES;
				CLANG_WARN_DIRECT_OBJC_ISA_USAGE = YES_ERROR;
				CLANG_WARN_DOCUMENTATION_COMMENTS = YES;
				CLANG_WARN_EMPTY_BODY = YES;
				CLANG_WARN_ENUM_CONVERSION = YES;
				CLANG_WARN_INFINITE_RECURSION = YES;
				CLANG_WARN_INT_CONVERSION = YES;
				CLANG_WARN_NON_LITERAL_NULL_CONVERSION = YES;
				CLANG_WARN_OBJC_IMPLICIT_RETAIN_SELF = YES;
				CLANG_WARN_OBJC_LITERAL_CONVERSION = YES;
				CLANG_WARN_OBJC_ROOT_CLASS = YES_ERROR;
				CLANG_WARN_QUOTED_INCLUDE_IN_FRAMEWORK_HEADER = YES;
				CLANG_WARN_RANGE_LOOP_ANALYSIS = YES;
				CLANG_WARN_STRICT_PROTOTYPES = YES;
				CLANG_WARN_SUSPICIOUS_MOVE = YES;
				CLANG_WARN_UNGUARDED_AVAILABILITY = YES_AGGRESSIVE;
				CLANG_WARN_UNREACHABLE_CODE = YES;
				CLANG_WARN__DUPLICATE_METHOD_MATCH = YES;
				COPY_PHASE_STRIP = NO;
				DEBUG_INFORMATION_FORMAT = "dwarf-with-dsym";
				ENABLE_NS_ASSERTIONS = NO;
				ENABLE_STRICT_OBJC_MSGSEND = YES;
				GCC_C_LANGUAGE_STANDARD = gnu11;
				GCC_NO_COMMON_BLOCKS = YES;
				GCC_WARN_64_TO_32_BIT_CONVERSION = YES;
				GCC_WARN_ABOUT_RETURN_TYPE = YES_ERROR;
				GCC_WARN_UNDECLARED_SELECTOR = YES;
				GCC_WARN_UNINITIALIZED_AUTOS = YES_AGGRESSIVE;
				GCC_WARN_UNUSED_FUNCTION = YES;
				GCC_WARN_UNUSED_VARIABLE = YES;
				IPHONEOS_DEPLOYMENT_TARGET = 14.4;
				MTL_ENABLE_DEBUG_INFO = NO;
				MTL_FAST_MATH = YES;
				SDKROOT = iphoneos;
				SWIFT_COMPILATION_MODE = wholemodule;
				SWIFT_OPTIMIZATION_LEVEL = "-O";
				VALIDATE_PRODUCT = YES;
			};
			name = Release;
		};
		A353344329B7F2DD0061EDC2 /* Debug */ = {
			isa = XCBuildConfiguration;
			buildSettings = {
				ASSETCATALOG_COMPILER_APPICON_NAME = AppIcon;
				ASSETCATALOG_COMPILER_GLOBAL_ACCENT_COLOR_NAME = AccentColor;
				CODE_SIGN_STYLE = Automatic;
				INFOPLIST_FILE = SnapyMenu/Info.plist;
				LD_RUNPATH_SEARCH_PATHS = (
					"$(inherited)",
					"@executable_path/Frameworks",
				);
				PRODUCT_BUNDLE_IDENTIFIER = foranewlife.SnapyMenu;
				PRODUCT_NAME = "$(TARGET_NAME)";
				SWIFT_VERSION = 5.0;
				TARGETED_DEVICE_FAMILY = "1,2";
			};
			name = Debug;
		};
		A353344429B7F2DD0061EDC2 /* Release */ = {
			isa = XCBuildConfiguration;
			buildSettings = {
				ASSETCATALOG_COMPILER_APPICON_NAME = AppIcon;
				ASSETCATALOG_COMPILER_GLOBAL_ACCENT_COLOR_NAME = AccentColor;
				CODE_SIGN_STYLE = Automatic;
				INFOPLIST_FILE = SnapyMenu/Info.plist;
				LD_RUNPATH_SEARCH_PATHS = (
					"$(inherited)",
					"@executable_path/Frameworks",
				);
				PRODUCT_BUNDLE_IDENTIFIER = foranewlife.SnapyMenu;
				PRODUCT_NAME = "$(TARGET_NAME)";
				SWIFT_VERSION = 5.0;
				TARGETED_DEVICE_FAMILY = "1,2";
			};
			name = Release;
		};
/* End XCBuildConfiguration section */

/* Begin XCConfigurationList section */
		A353342929B7F2DB0061EDC2 /* Build configuration list for PBXProject "SnapyMenu" */ = {
			isa = XCConfigurationList;
			buildConfigurations = (
				A353344029B7F2DD0061EDC2 /* Debug */,
				A353344129B7F2DD0061EDC2 /* Release */,
			);
			defaultConfigurationIsVisible = 0;
			defaultConfigurationName = Release;
		};
		A353344229B7F2DD0061EDC2 /* Build configuration list for PBXNativeTarget "SnapyMenu" */ = {
			isa = XCConfigurationList;
			buildConfigurations = (
				A353344329B7F2DD0061EDC2 /* Debug */,
				A353344429B7F2DD0061EDC2 /* Release */,
			);
			defaultConfigurationIsVisible = 0;
			defaultConfigurationName = Release;
		};
/* End XCConfigurationList section */
	};
	rootObject = A353342629B7F2DB0061EDC2 /* Project object */;
}
