// !$*UTF8*$!
{
	archiveVersion = 1;
	classes = {
	};
	objectVersion = 56;
	objects = {

/* Begin PBXBuildFile section */
		63089F1F29E2FF9B00C78A60 /* AppDelegate.swift in Sources */ = {isa = PBXBuildFile; fileRef = 63089F1E29E2FF9B00C78A60 /* AppDelegate.swift */; };
		63089F2129E2FF9B00C78A60 /* SceneDelegate.swift in Sources */ = {isa = PBXBuildFile; fileRef = 63089F2029E2FF9B00C78A60 /* SceneDelegate.swift */; };
		63089F2329E2FF9B00C78A60 /* CollectionViewController.swift in Sources */ = {isa = PBXBuildFile; fileRef = 63089F2229E2FF9B00C78A60 /* CollectionViewController.swift */; };
		63089F2629E2FF9B00C78A60 /* Main.storyboard in Resources */ = {isa = PBXBuildFile; fileRef = 63089F2429E2FF9B00C78A60 /* Main.storyboard */; };
		63089F2829E2FF9C00C78A60 /* Assets.xcassets in Resources */ = {isa = PBXBuildFile; fileRef = 63089F2729E2FF9C00C78A60 /* Assets.xcassets */; };
		63089F2B29E2FF9C00C78A60 /* LaunchScreen.storyboard in Resources */ = {isa = PBXBuildFile; fileRef = 63089F2929E2FF9C00C78A60 /* LaunchScreen.storyboard */; };
		63089F3429E2FFD400C78A60 /* CollectionTableViewCell.swift in Sources */ = {isa = PBXBuildFile; fileRef = 63089F3229E2FFD400C78A60 /* CollectionTableViewCell.swift */; };
		63089F3729E3062F00C78A60 /* CellBase.swift in Sources */ = {isa = PBXBuildFile; fileRef = 63089F3629E3062F00C78A60 /* CellBase.swift */; };
/* End PBXBuildFile section */

/* Begin PBXFileReference section */
		63089F1B29E2FF9B00C78A60 /* 20-CollectionViewAnimation.app */ = {isa = PBXFileReference; explicitFileType = wrapper.application; includeInIndex = 0; path = "20-CollectionViewAnimation.app"; sourceTree = BUILT_PRODUCTS_DIR; };
		63089F1E29E2FF9B00C78A60 /* AppDelegate.swift */ = {isa = PBXFileReference; lastKnownFileType = sourcecode.swift; path = AppDelegate.swift; sourceTree = "<group>"; };
		63089F2029E2FF9B00C78A60 /* SceneDelegate.swift */ = {isa = PBXFileReference; lastKnownFileType = sourcecode.swift; path = SceneDelegate.swift; sourceTree = "<group>"; };
		63089F2229E2FF9B00C78A60 /* CollectionViewController.swift */ = {isa = PBXFileReference; lastKnownFileType = sourcecode.swift; path = CollectionViewController.swift; sourceTree = "<group>"; };
		63089F2529E2FF9B00C78A60 /* Base */ = {isa = PBXFileReference; lastKnownFileType = file.storyboard; name = Base; path = Base.lproj/Main.storyboard; sourceTree = "<group>"; };
		63089F2729E2FF9C00C78A60 /* Assets.xcassets */ = {isa = PBXFileReference; lastKnownFileType = folder.assetcatalog; path = Assets.xcassets; sourceTree = "<group>"; };
		63089F2A29E2FF9C00C78A60 /* Base */ = {isa = PBXFileReference; lastKnownFileType = file.storyboard; name = Base; path = Base.lproj/LaunchScreen.storyboard; sourceTree = "<group>"; };
		63089F2C29E2FF9C00C78A60 /* Info.plist */ = {isa = PBXFileReference; lastKnownFileType = text.plist.xml; path = Info.plist; sourceTree = "<group>"; };
		63089F3229E2FFD400C78A60 /* CollectionTableViewCell.swift */ = {isa = PBXFileReference; lastKnownFileType = sourcecode.swift; path = CollectionTableViewCell.swift; sourceTree = "<group>"; };
		63089F3629E3062F00C78A60 /* CellBase.swift */ = {isa = PBXFileReference; lastKnownFileType = sourcecode.swift; path = CellBase.swift; sourceTree = "<group>"; };
/* End PBXFileReference section */

/* Begin PBXFrameworksBuildPhase section */
		63089F1829E2FF9B00C78A60 /* Frameworks */ = {
			isa = PBXFrameworksBuildPhase;
			buildActionMask = 2147483647;
			files = (
			);
			runOnlyForDeploymentPostprocessing = 0;
		};
/* End PBXFrameworksBuildPhase section */

/* Begin PBXGroup section */
		63089F1229E2FF9B00C78A60 = {
			isa = PBXGroup;
			children = (
				63089F1D29E2FF9B00C78A60 /* 20-CollectionViewAnimation */,
				63089F1C29E2FF9B00C78A60 /* Products */,
			);
			sourceTree = "<group>";
		};
		63089F1C29E2FF9B00C78A60 /* Products */ = {
			isa = PBXGroup;
			children = (
				63089F1B29E2FF9B00C78A60 /* 20-CollectionViewAnimation.app */,
			);
			name = Products;
			sourceTree = "<group>";
		};
		63089F1D29E2FF9B00C78A60 /* 20-CollectionViewAnimation */ = {
			isa = PBXGroup;
			children = (
				63089F1E29E2FF9B00C78A60 /* AppDelegate.swift */,
				63089F2029E2FF9B00C78A60 /* SceneDelegate.swift */,
				63089F3629E3062F00C78A60 /* CellBase.swift */,
				63089F2229E2FF9B00C78A60 /* CollectionViewController.swift */,
				63089F3229E2FFD400C78A60 /* CollectionTableViewCell.swift */,
				63089F2429E2FF9B00C78A60 /* Main.storyboard */,
				63089F2729E2FF9C00C78A60 /* Assets.xcassets */,
				63089F2929E2FF9C00C78A60 /* LaunchScreen.storyboard */,
				63089F2C29E2FF9C00C78A60 /* Info.plist */,
			);
			path = "20-CollectionViewAnimation";
			sourceTree = "<group>";
		};
/* End PBXGroup section */

/* Begin PBXNativeTarget section */
		63089F1A29E2FF9B00C78A60 /* 20-CollectionViewAnimation */ = {
			isa = PBXNativeTarget;
			buildConfigurationList = 63089F2F29E2FF9C00C78A60 /* Build configuration list for PBXNativeTarget "20-CollectionViewAnimation" */;
			buildPhases = (
				63089F1729E2FF9B00C78A60 /* Sources */,
				63089F1829E2FF9B00C78A60 /* Frameworks */,
				63089F1929E2FF9B00C78A60 /* Resources */,
			);
			buildRules = (
			);
			dependencies = (
			);
			name = "20-CollectionViewAnimation";
			productName = "20-CollectionViewAnimation";
			productReference = 63089F1B29E2FF9B00C78A60 /* 20-CollectionViewAnimation.app */;
			productType = "com.apple.product-type.application";
		};
/* End PBXNativeTarget section */

/* Begin PBXProject section */
		63089F1329E2FF9B00C78A60 /* Project object */ = {
			isa = PBXProject;
			attributes = {
				BuildIndependentTargetsInParallel = 1;
				LastSwiftUpdateCheck = 1430;
				LastUpgradeCheck = 1430;
				TargetAttributes = {
					63089F1A29E2FF9B00C78A60 = {
						CreatedOnToolsVersion = 14.3;
					};
				};
			};
			buildConfigurationList = 63089F1629E2FF9B00C78A60 /* Build configuration list for PBXProject "20-CollectionViewAnimation" */;
			compatibilityVersion = "Xcode 14.0";
			developmentRegion = en;
			hasScannedForEncodings = 0;
			knownRegions = (
				en,
				Base,
			);
			mainGroup = 63089F1229E2FF9B00C78A60;
			productRefGroup = 63089F1C29E2FF9B00C78A60 /* Products */;
			projectDirPath = "";
			projectRoot = "";
			targets = (
				63089F1A29E2FF9B00C78A60 /* 20-CollectionViewAnimation */,
			);
		};
/* End PBXProject section */

/* Begin PBXResourcesBuildPhase section */
		63089F1929E2FF9B00C78A60 /* Resources */ = {
			isa = PBXResourcesBuildPhase;
			buildActionMask = 2147483647;
			files = (
				63089F2B29E2FF9C00C78A60 /* LaunchScreen.storyboard in Resources */,
				63089F2829E2FF9C00C78A60 /* Assets.xcassets in Resources */,
				63089F2629E2FF9B00C78A60 /* Main.storyboard in Resources */,
			);
			runOnlyForDeploymentPostprocessing = 0;
		};
/* End PBXResourcesBuildPhase section */

/* Begin PBXSourcesBuildPhase section */
		63089F1729E2FF9B00C78A60 /* Sources */ = {
			isa = PBXSourcesBuildPhase;
			buildActionMask = 2147483647;
			files = (
				63089F2329E2FF9B00C78A60 /* CollectionViewController.swift in Sources */,
				63089F1F29E2FF9B00C78A60 /* AppDelegate.swift in Sources */,
				63089F2129E2FF9B00C78A60 /* SceneDelegate.swift in Sources */,
				63089F3429E2FFD400C78A60 /* CollectionTableViewCell.swift in Sources */,
				63089F3729E3062F00C78A60 /* CellBase.swift in Sources */,
			);
			runOnlyForDeploymentPostprocessing = 0;
		};
/* End PBXSourcesBuildPhase section */

/* Begin PBXVariantGroup section */
		63089F2429E2FF9B00C78A60 /* Main.storyboard */ = {
			isa = PBXVariantGroup;
			children = (
				63089F2529E2FF9B00C78A60 /* Base */,
			);
			name = Main.storyboard;
			sourceTree = "<group>";
		};
		63089F2929E2FF9C00C78A60 /* LaunchScreen.storyboard */ = {
			isa = PBXVariantGroup;
			children = (
				63089F2A29E2FF9C00C78A60 /* Base */,
			);
			name = LaunchScreen.storyboard;
			sourceTree = "<group>";
		};
/* End PBXVariantGroup section */

/* Begin XCBuildConfiguration section */
		63089F2D29E2FF9C00C78A60 /* Debug */ = {
			isa = XCBuildConfiguration;
			buildSettings = {
				ALWAYS_SEARCH_USER_PATHS = NO;
				CLANG_ANALYZER_NONNULL = YES;
				CLANG_ANALYZER_NUMBER_OBJECT_CONVERSION = YES_AGGRESSIVE;
				CLANG_CXX_LANGUAGE_STANDARD = "gnu++20";
				CLANG_ENABLE_MODULES = YES;
				CLANG_ENABLE_OBJC_ARC = YES;
				CLANG_ENABLE_OBJC_WEAK = YES;
				CLANG_WARN_BLOCK_CAPTURE_AUTORELEASING = YES;
				CLANG_WARN_BOOL_CONVERSION = YES;
				CLANG_WARN_COMMA = YES;
				CLANG_WARN_CONSTANT_CONVERSION = YES;
				CLANG_WARN_DEPRECATED_OBJC_IMPLEMENTATIONS = YES;
				CLANG_WARN_DIRECT_OBJC_ISA_USAGE = YES_ERROR;
				CLANG_WARN_DOCUMENTATION_COMMENTS = YES;
				CLANG_WARN_EMPTY_BODY = YES;
				CLANG_WARN_ENUM_CONVERSION = YES;
				CLANG_WARN_INFINITE_RECURSION = YES;
				CLANG_WARN_INT_CONVERSION = YES;
				CLANG_WARN_NON_LITERAL_NULL_CONVERSION = YES;
				CLANG_WARN_OBJC_IMPLICIT_RETAIN_SELF = YES;
				CLANG_WARN_OBJC_LITERAL_CONVERSION = YES;
				CLANG_WARN_OBJC_ROOT_CLASS = YES_ERROR;
				CLANG_WARN_QUOTED_INCLUDE_IN_FRAMEWORK_HEADER = YES;
				CLANG_WARN_RANGE_LOOP_ANALYSIS = YES;
				CLANG_WARN_STRICT_PROTOTYPES = YES;
				CLANG_WARN_SUSPICIOUS_MOVE = YES;
				CLANG_WARN_UNGUARDED_AVAILABILITY = YES_AGGRESSIVE;
				CLANG_WARN_UNREACHABLE_CODE = YES;
				CLANG_WARN__DUPLICATE_METHOD_MATCH = YES;
				COPY_PHASE_STRIP = NO;
				DEBUG_INFORMATION_FORMAT = dwarf;
				ENABLE_STRICT_OBJC_MSGSEND = YES;
				ENABLE_TESTABILITY = YES;
				GCC_C_LANGUAGE_STANDARD = gnu11;
				GCC_DYNAMIC_NO_PIC = NO;
				GCC_NO_COMMON_BLOCKS = YES;
				GCC_OPTIMIZATION_LEVEL = 0;
				GCC_PREPROCESSOR_DEFINITIONS = (
					"DEBUG=1",
					"$(inherited)",
				);
				GCC_WARN_64_TO_32_BIT_CONVERSION = YES;
				GCC_WARN_ABOUT_RETURN_TYPE = YES_ERROR;
				GCC_WARN_UNDECLARED_SELECTOR = YES;
				GCC_WARN_UNINITIALIZED_AUTOS = YES_AGGRESSIVE;
				GCC_WARN_UNUSED_FUNCTION = YES;
				GCC_WARN_UNUSED_VARIABLE = YES;
				IPHONEOS_DEPLOYMENT_TARGET = 16.4;
				MTL_ENABLE_DEBUG_INFO = INCLUDE_SOURCE;
				MTL_FAST_MATH = YES;
				ONLY_ACTIVE_ARCH = YES;
				SDKROOT = iphoneos;
				SWIFT_ACTIVE_COMPILATION_CONDITIONS = DEBUG;
				SWIFT_OPTIMIZATION_LEVEL = "-Onone";
			};
			name = Debug;
		};
		63089F2E29E2FF9C00C78A60 /* Release */ = {
			isa = XCBuildConfiguration;
			buildSettings = {
				ALWAYS_SEARCH_USER_PATHS = NO;
				CLANG_ANALYZER_NONNULL = YES;
				CLANG_ANALYZER_NUMBER_OBJECT_CONVERSION = YES_AGGRESSIVE;
				CLANG_CXX_LANGUAGE_STANDARD = "gnu++20";
				CLANG_ENABLE_MODULES = YES;
				CLANG_ENABLE_OBJC_ARC = YES;
				CLANG_ENABLE_OBJC_WEAK = YES;
				CLANG_WARN_BLOCK_CAPTURE_AUTORELEASING = YES;
				CLANG_WARN_BOOL_CONVERSION = YES;
				CLANG_WARN_COMMA = YES;
				CLANG_WARN_CONSTANT_CONVERSION = YES;
				CLANG_WARN_DEPRECATED_OBJC_IMPLEMENTATIONS = YES;
				CLANG_WARN_DIRECT_OBJC_ISA_USAGE = YES_ERROR;
				CLANG_WARN_DOCUMENTATION_COMMENTS = YES;
				CLANG_WARN_EMPTY_BODY = YES;
				CLANG_WARN_ENUM_CONVERSION = YES;
				CLANG_WARN_INFINITE_RECURSION = YES;
				CLANG_WARN_INT_CONVERSION = YES;
				CLANG_WARN_NON_LITERAL_NULL_CONVERSION = YES;
				CLANG_WARN_OBJC_IMPLICIT_RETAIN_SELF = YES;
				CLANG_WARN_OBJC_LITERAL_CONVERSION = YES;
				CLANG_WARN_OBJC_ROOT_CLASS = YES_ERROR;
				CLANG_WARN_QUOTED_INCLUDE_IN_FRAMEWORK_HEADER = YES;
				CLANG_WARN_RANGE_LOOP_ANALYSIS = YES;
				CLANG_WARN_STRICT_PROTOTYPES = YES;
				CLANG_WARN_SUSPICIOUS_MOVE = YES;
				CLANG_WARN_UNGUARDED_AVAILABILITY = YES_AGGRESSIVE;
				CLANG_WARN_UNREACHABLE_CODE = YES;
				CLANG_WARN__DUPLICATE_METHOD_MATCH = YES;
				COPY_PHASE_STRIP = NO;
				DEBUG_INFORMATION_FORMAT = "dwarf-with-dsym";
				ENABLE_NS_ASSERTIONS = NO;
				ENABLE_STRICT_OBJC_MSGSEND = YES;
				GCC_C_LANGUAGE_STANDARD = gnu11;
				GCC_NO_COMMON_BLOCKS = YES;
				GCC_WARN_64_TO_32_BIT_CONVERSION = YES;
				GCC_WARN_ABOUT_RETURN_TYPE = YES_ERROR;
				GCC_WARN_UNDECLARED_SELECTOR = YES;
				GCC_WARN_UNINITIALIZED_AUTOS = YES_AGGRESSIVE;
				GCC_WARN_UNUSED_FUNCTION = YES;
				GCC_WARN_UNUSED_VARIABLE = YES;
				IPHONEOS_DEPLOYMENT_TARGET = 16.4;
				MTL_ENABLE_DEBUG_INFO = NO;
				MTL_FAST_MATH = YES;
				SDKROOT = iphoneos;
				SWIFT_COMPILATION_MODE = wholemodule;
				SWIFT_OPTIMIZATION_LEVEL = "-O";
				VALIDATE_PRODUCT = YES;
			};
			name = Release;
		};
		63089F3029E2FF9C00C78A60 /* Debug */ = {
			isa = XCBuildConfiguration;
			buildSettings = {
				ASSETCATALOG_COMPILER_APPICON_NAME = AppIcon;
				ASSETCATALOG_COMPILER_GLOBAL_ACCENT_COLOR_NAME = AccentColor;
				CODE_SIGN_STYLE = Automatic;
				CURRENT_PROJECT_VERSION = 1;
				DEVELOPMENT_TEAM = B34M97ZY6W;
				GENERATE_INFOPLIST_FILE = YES;
				INFOPLIST_FILE = "20-CollectionViewAnimation/Info.plist";
				INFOPLIST_KEY_UIApplicationSupportsIndirectInputEvents = YES;
				INFOPLIST_KEY_UILaunchStoryboardName = LaunchScreen;
				INFOPLIST_KEY_UIMainStoryboardFile = Main;
				INFOPLIST_KEY_UISupportedInterfaceOrientations_iPad = "UIInterfaceOrientationPortrait UIInterfaceOrientationPortraitUpsideDown UIInterfaceOrientationLandscapeLeft UIInterfaceOrientationLandscapeRight";
				INFOPLIST_KEY_UISupportedInterfaceOrientations_iPhone = "UIInterfaceOrientationPortrait UIInterfaceOrientationLandscapeLeft UIInterfaceOrientationLandscapeRight";
				IPHONEOS_DEPLOYMENT_TARGET = 15.0;
				LD_RUNPATH_SEARCH_PATHS = (
					"$(inherited)",
					"@executable_path/Frameworks",
				);
				MARKETING_VERSION = 1.0;
				PRODUCT_BUNDLE_IDENTIFIER = "foranewlife.-0-CollectionViewAnimation";
				PRODUCT_NAME = "$(TARGET_NAME)";
				SWIFT_EMIT_LOC_STRINGS = YES;
				SWIFT_VERSION = 5.0;
				TARGETED_DEVICE_FAMILY = "1,2";
			};
			name = Debug;
		};
		63089F3129E2FF9C00C78A60 /* Release */ = {
			isa = XCBuildConfiguration;
			buildSettings = {
				ASSETCATALOG_COMPILER_APPICON_NAME = AppIcon;
				ASSETCATALOG_COMPILER_GLOBAL_ACCENT_COLOR_NAME = AccentColor;
				CODE_SIGN_STYLE = Automatic;
				CURRENT_PROJECT_VERSION = 1;
				DEVELOPMENT_TEAM = B34M97ZY6W;
				GENERATE_INFOPLIST_FILE = YES;
				INFOPLIST_FILE = "20-CollectionViewAnimation/Info.plist";
				INFOPLIST_KEY_UIApplicationSupportsIndirectInputEvents = YES;
				INFOPLIST_KEY_UILaunchStoryboardName = LaunchScreen;
				INFOPLIST_KEY_UIMainStoryboardFile = Main;
				INFOPLIST_KEY_UISupportedInterfaceOrientations_iPad = "UIInterfaceOrientationPortrait UIInterfaceOrientationPortraitUpsideDown UIInterfaceOrientationLandscapeLeft UIInterfaceOrientationLandscapeRight";
				INFOPLIST_KEY_UISupportedInterfaceOrientations_iPhone = "UIInterfaceOrientationPortrait UIInterfaceOrientationLandscapeLeft UIInterfaceOrientationLandscapeRight";
				IPHONEOS_DEPLOYMENT_TARGET = 15.0;
				LD_RUNPATH_SEARCH_PATHS = (
					"$(inherited)",
					"@executable_path/Frameworks",
				);
				MARKETING_VERSION = 1.0;
				PRODUCT_BUNDLE_IDENTIFIER = "foranewlife.-0-CollectionViewAnimation";
				PRODUCT_NAME = "$(TARGET_NAME)";
				SWIFT_EMIT_LOC_STRINGS = YES;
				SWIFT_VERSION = 5.0;
				TARGETED_DEVICE_FAMILY = "1,2";
			};
			name = Release;
		};
/* End XCBuildConfiguration section */

/* Begin XCConfigurationList section */
		63089F1629E2FF9B00C78A60 /* Build configuration list for PBXProject "20-CollectionViewAnimation" */ = {
			isa = XCConfigurationList;
			buildConfigurations = (
				63089F2D29E2FF9C00C78A60 /* Debug */,
				63089F2E29E2FF9C00C78A60 /* Release */,
			);
			defaultConfigurationIsVisible = 0;
			defaultConfigurationName = Release;
		};
		63089F2F29E2FF9C00C78A60 /* Build configuration list for PBXNativeTarget "20-CollectionViewAnimation" */ = {
			isa = XCConfigurationList;
			buildConfigurations = (
				63089F3029E2FF9C00C78A60 /* Debug */,
				63089F3129E2FF9C00C78A60 /* Release */,
			);
			defaultConfigurationIsVisible = 0;
			defaultConfigurationName = Release;
		};
/* End XCConfigurationList section */
	};
	rootObject = 63089F1329E2FF9B00C78A60 /* Project object */;
}
