// !$*UTF8*$!
{
	archiveVersion = 1;
	classes = {
	};
	objectVersion = 56;
	objects = {

/* Begin PBXBuildFile section */
		6326D48829D709B20005F177 /* NewTableViewCell.swift in Sources */ = {isa = PBXBuildFile; fileRef = 6326D48729D709B20005F177 /* NewTableViewCell.swift */; };
		638436AE29D6234200D05063 /* AppDelegate.swift in Sources */ = {isa = PBXBuildFile; fileRef = 638436AD29D6234200D05063 /* AppDelegate.swift */; };
		638436B029D6234200D05063 /* SceneDelegate.swift in Sources */ = {isa = PBXBuildFile; fileRef = 638436AF29D6234200D05063 /* SceneDelegate.swift */; };
		638436B229D6234200D05063 /* MainTableViewController.swift in Sources */ = {isa = PBXBuildFile; fileRef = 638436B129D6234200D05063 /* MainTableViewController.swift */; };
		638436B529D6234200D05063 /* Main.storyboard in Resources */ = {isa = PBXBuildFile; fileRef = 638436B329D6234200D05063 /* Main.storyboard */; };
		638436B729D6234300D05063 /* Assets.xcassets in Resources */ = {isa = PBXBuildFile; fileRef = 638436B629D6234300D05063 /* Assets.xcassets */; };
		638436BA29D6234300D05063 /* LaunchScreen.storyboard in Resources */ = {isa = PBXBuildFile; fileRef = 638436B829D6234300D05063 /* LaunchScreen.storyboard */; };
		638436C529D62AD900D05063 /* Profile.swift in Sources */ = {isa = PBXBuildFile; fileRef = 638436C429D62AD900D05063 /* Profile.swift */; };
		6398E35329D7560B00B23077 /* MenuTableViewController.swift in Sources */ = {isa = PBXBuildFile; fileRef = 6398E35229D7560A00B23077 /* MenuTableViewController.swift */; };
		6398E35629D756E800B23077 /* MenuTableViewCell.swift in Sources */ = {isa = PBXBuildFile; fileRef = 6398E35529D756E800B23077 /* MenuTableViewCell.swift */; };
/* End PBXBuildFile section */

/* Begin PBXFileReference section */
		6326D48729D709B20005F177 /* NewTableViewCell.swift */ = {isa = PBXFileReference; lastKnownFileType = sourcecode.swift; path = NewTableViewCell.swift; sourceTree = "<group>"; };
		638436AA29D6234200D05063 /* 16-SlideMenue.app */ = {isa = PBXFileReference; explicitFileType = wrapper.application; includeInIndex = 0; path = "16-SlideMenue.app"; sourceTree = BUILT_PRODUCTS_DIR; };
		638436AD29D6234200D05063 /* AppDelegate.swift */ = {isa = PBXFileReference; lastKnownFileType = sourcecode.swift; path = AppDelegate.swift; sourceTree = "<group>"; };
		638436AF29D6234200D05063 /* SceneDelegate.swift */ = {isa = PBXFileReference; lastKnownFileType = sourcecode.swift; path = SceneDelegate.swift; sourceTree = "<group>"; };
		638436B129D6234200D05063 /* MainTableViewController.swift */ = {isa = PBXFileReference; lastKnownFileType = sourcecode.swift; path = MainTableViewController.swift; sourceTree = "<group>"; };
		638436B429D6234200D05063 /* Base */ = {isa = PBXFileReference; lastKnownFileType = file.storyboard; name = Base; path = Base.lproj/Main.storyboard; sourceTree = "<group>"; };
		638436B629D6234300D05063 /* Assets.xcassets */ = {isa = PBXFileReference; lastKnownFileType = folder.assetcatalog; path = Assets.xcassets; sourceTree = "<group>"; };
		638436B929D6234300D05063 /* Base */ = {isa = PBXFileReference; lastKnownFileType = file.storyboard; name = Base; path = Base.lproj/LaunchScreen.storyboard; sourceTree = "<group>"; };
		638436BB29D6234300D05063 /* Info.plist */ = {isa = PBXFileReference; lastKnownFileType = text.plist.xml; path = Info.plist; sourceTree = "<group>"; };
		638436C429D62AD900D05063 /* Profile.swift */ = {isa = PBXFileReference; lastKnownFileType = sourcecode.swift; path = Profile.swift; sourceTree = "<group>"; };
		6398E35229D7560A00B23077 /* MenuTableViewController.swift */ = {isa = PBXFileReference; lastKnownFileType = sourcecode.swift; name = MenuTableViewController.swift; path = "16-SlideMenue/Controller/MenuTableViewController.swift"; sourceTree = SOURCE_ROOT; };
		6398E35529D756E800B23077 /* MenuTableViewCell.swift */ = {isa = PBXFileReference; lastKnownFileType = sourcecode.swift; path = MenuTableViewCell.swift; sourceTree = "<group>"; };
/* End PBXFileReference section */

/* Begin PBXFrameworksBuildPhase section */
		638436A729D6234200D05063 /* Frameworks */ = {
			isa = PBXFrameworksBuildPhase;
			buildActionMask = 2147483647;
			files = (
			);
			runOnlyForDeploymentPostprocessing = 0;
		};
/* End PBXFrameworksBuildPhase section */

/* Begin PBXGroup section */
		638436A129D6234200D05063 = {
			isa = PBXGroup;
			children = (
				638436AC29D6234200D05063 /* 16-SlideMenue */,
				638436AB29D6234200D05063 /* Products */,
			);
			sourceTree = "<group>";
		};
		638436AB29D6234200D05063 /* Products */ = {
			isa = PBXGroup;
			children = (
				638436AA29D6234200D05063 /* 16-SlideMenue.app */,
			);
			name = Products;
			sourceTree = "<group>";
		};
		638436AC29D6234200D05063 /* 16-SlideMenue */ = {
			isa = PBXGroup;
			children = (
				638436AD29D6234200D05063 /* AppDelegate.swift */,
				638436AF29D6234200D05063 /* SceneDelegate.swift */,
				6398E35429D7568C00B23077 /* Controller */,
				638436C629D62AE000D05063 /* Model */,
				638436C729D62B2000D05063 /* View */,
				638436B629D6234300D05063 /* Assets.xcassets */,
				638436B829D6234300D05063 /* LaunchScreen.storyboard */,
				638436BB29D6234300D05063 /* Info.plist */,
			);
			path = "16-SlideMenue";
			sourceTree = "<group>";
		};
		638436C629D62AE000D05063 /* Model */ = {
			isa = PBXGroup;
			children = (
				638436C429D62AD900D05063 /* Profile.swift */,
			);
			path = Model;
			sourceTree = "<group>";
		};
		638436C729D62B2000D05063 /* View */ = {
			isa = PBXGroup;
			children = (
				638436B329D6234200D05063 /* Main.storyboard */,
			);
			path = View;
			sourceTree = "<group>";
		};
		6398E35429D7568C00B23077 /* Controller */ = {
			isa = PBXGroup;
			children = (
				638436B129D6234200D05063 /* MainTableViewController.swift */,
				6326D48729D709B20005F177 /* NewTableViewCell.swift */,
				6398E35229D7560A00B23077 /* MenuTableViewController.swift */,
				6398E35529D756E800B23077 /* MenuTableViewCell.swift */,
			);
			path = Controller;
			sourceTree = "<group>";
		};
/* End PBXGroup section */

/* Begin PBXNativeTarget section */
		638436A929D6234200D05063 /* 16-SlideMenue */ = {
			isa = PBXNativeTarget;
			buildConfigurationList = 638436BE29D6234300D05063 /* Build configuration list for PBXNativeTarget "16-SlideMenue" */;
			buildPhases = (
				638436A629D6234200D05063 /* Sources */,
				638436A729D6234200D05063 /* Frameworks */,
				638436A829D6234200D05063 /* Resources */,
			);
			buildRules = (
			);
			dependencies = (
			);
			name = "16-SlideMenue";
			productName = "16-SlideMenue";
			productReference = 638436AA29D6234200D05063 /* 16-SlideMenue.app */;
			productType = "com.apple.product-type.application";
		};
/* End PBXNativeTarget section */

/* Begin PBXProject section */
		638436A229D6234200D05063 /* Project object */ = {
			isa = PBXProject;
			attributes = {
				BuildIndependentTargetsInParallel = 1;
				LastSwiftUpdateCheck = 1420;
				LastUpgradeCheck = 1420;
				TargetAttributes = {
					638436A929D6234200D05063 = {
						CreatedOnToolsVersion = 14.2;
					};
				};
			};
			buildConfigurationList = 638436A529D6234200D05063 /* Build configuration list for PBXProject "16-SlideMenue" */;
			compatibilityVersion = "Xcode 14.0";
			developmentRegion = en;
			hasScannedForEncodings = 0;
			knownRegions = (
				en,
				Base,
			);
			mainGroup = 638436A129D6234200D05063;
			productRefGroup = 638436AB29D6234200D05063 /* Products */;
			projectDirPath = "";
			projectRoot = "";
			targets = (
				638436A929D6234200D05063 /* 16-SlideMenue */,
			);
		};
/* End PBXProject section */

/* Begin PBXResourcesBuildPhase section */
		638436A829D6234200D05063 /* Resources */ = {
			isa = PBXResourcesBuildPhase;
			buildActionMask = 2147483647;
			files = (
				638436BA29D6234300D05063 /* LaunchScreen.storyboard in Resources */,
				638436B729D6234300D05063 /* Assets.xcassets in Resources */,
				638436B529D6234200D05063 /* Main.storyboard in Resources */,
			);
			runOnlyForDeploymentPostprocessing = 0;
		};
/* End PBXResourcesBuildPhase section */

/* Begin PBXSourcesBuildPhase section */
		638436A629D6234200D05063 /* Sources */ = {
			isa = PBXSourcesBuildPhase;
			buildActionMask = 2147483647;
			files = (
				638436B229D6234200D05063 /* MainTableViewController.swift in Sources */,
				6398E35329D7560B00B23077 /* MenuTableViewController.swift in Sources */,
				6398E35629D756E800B23077 /* MenuTableViewCell.swift in Sources */,
				6326D48829D709B20005F177 /* NewTableViewCell.swift in Sources */,
				638436C529D62AD900D05063 /* Profile.swift in Sources */,
				638436AE29D6234200D05063 /* AppDelegate.swift in Sources */,
				638436B029D6234200D05063 /* SceneDelegate.swift in Sources */,
			);
			runOnlyForDeploymentPostprocessing = 0;
		};
/* End PBXSourcesBuildPhase section */

/* Begin PBXVariantGroup section */
		638436B329D6234200D05063 /* Main.storyboard */ = {
			isa = PBXVariantGroup;
			children = (
				638436B429D6234200D05063 /* Base */,
			);
			name = Main.storyboard;
			sourceTree = "<group>";
		};
		638436B829D6234300D05063 /* LaunchScreen.storyboard */ = {
			isa = PBXVariantGroup;
			children = (
				638436B929D6234300D05063 /* Base */,
			);
			name = LaunchScreen.storyboard;
			sourceTree = "<group>";
		};
/* End PBXVariantGroup section */

/* Begin XCBuildConfiguration section */
		638436BC29D6234300D05063 /* Debug */ = {
			isa = XCBuildConfiguration;
			buildSettings = {
				ALWAYS_SEARCH_USER_PATHS = NO;
				CLANG_ANALYZER_NONNULL = YES;
				CLANG_ANALYZER_NUMBER_OBJECT_CONVERSION = YES_AGGRESSIVE;
				CLANG_CXX_LANGUAGE_STANDARD = "gnu++20";
				CLANG_ENABLE_MODULES = YES;
				CLANG_ENABLE_OBJC_ARC = YES;
				CLANG_ENABLE_OBJC_WEAK = YES;
				CLANG_WARN_BLOCK_CAPTURE_AUTORELEASING = YES;
				CLANG_WARN_BOOL_CONVERSION = YES;
				CLANG_WARN_COMMA = YES;
				CLANG_WARN_CONSTANT_CONVERSION = YES;
				CLANG_WARN_DEPRECATED_OBJC_IMPLEMENTATIONS = YES;
				CLANG_WARN_DIRECT_OBJC_ISA_USAGE = YES_ERROR;
				CLANG_WARN_DOCUMENTATION_COMMENTS = YES;
				CLANG_WARN_EMPTY_BODY = YES;
				CLANG_WARN_ENUM_CONVERSION = YES;
				CLANG_WARN_INFINITE_RECURSION = YES;
				CLANG_WARN_INT_CONVERSION = YES;
				CLANG_WARN_NON_LITERAL_NULL_CONVERSION = YES;
				CLANG_WARN_OBJC_IMPLICIT_RETAIN_SELF = YES;
				CLANG_WARN_OBJC_LITERAL_CONVERSION = YES;
				CLANG_WARN_OBJC_ROOT_CLASS = YES_ERROR;
				CLANG_WARN_QUOTED_INCLUDE_IN_FRAMEWORK_HEADER = YES;
				CLANG_WARN_RANGE_LOOP_ANALYSIS = YES;
				CLANG_WARN_STRICT_PROTOTYPES = YES;
				CLANG_WARN_SUSPICIOUS_MOVE = YES;
				CLANG_WARN_UNGUARDED_AVAILABILITY = YES_AGGRESSIVE;
				CLANG_WARN_UNREACHABLE_CODE = YES;
				CLANG_WARN__DUPLICATE_METHOD_MATCH = YES;
				COPY_PHASE_STRIP = NO;
				DEBUG_INFORMATION_FORMAT = dwarf;
				ENABLE_STRICT_OBJC_MSGSEND = YES;
				ENABLE_TESTABILITY = YES;
				GCC_C_LANGUAGE_STANDARD = gnu11;
				GCC_DYNAMIC_NO_PIC = NO;
				GCC_NO_COMMON_BLOCKS = YES;
				GCC_OPTIMIZATION_LEVEL = 0;
				GCC_PREPROCESSOR_DEFINITIONS = (
					"DEBUG=1",
					"$(inherited)",
				);
				GCC_WARN_64_TO_32_BIT_CONVERSION = YES;
				GCC_WARN_ABOUT_RETURN_TYPE = YES_ERROR;
				GCC_WARN_UNDECLARED_SELECTOR = YES;
				GCC_WARN_UNINITIALIZED_AUTOS = YES_AGGRESSIVE;
				GCC_WARN_UNUSED_FUNCTION = YES;
				GCC_WARN_UNUSED_VARIABLE = YES;
				IPHONEOS_DEPLOYMENT_TARGET = 16.2;
				MTL_ENABLE_DEBUG_INFO = INCLUDE_SOURCE;
				MTL_FAST_MATH = YES;
				ONLY_ACTIVE_ARCH = YES;
				SDKROOT = iphoneos;
				SWIFT_ACTIVE_COMPILATION_CONDITIONS = DEBUG;
				SWIFT_OPTIMIZATION_LEVEL = "-Onone";
			};
			name = Debug;
		};
		638436BD29D6234300D05063 /* Release */ = {
			isa = XCBuildConfiguration;
			buildSettings = {
				ALWAYS_SEARCH_USER_PATHS = NO;
				CLANG_ANALYZER_NONNULL = YES;
				CLANG_ANALYZER_NUMBER_OBJECT_CONVERSION = YES_AGGRESSIVE;
				CLANG_CXX_LANGUAGE_STANDARD = "gnu++20";
				CLANG_ENABLE_MODULES = YES;
				CLANG_ENABLE_OBJC_ARC = YES;
				CLANG_ENABLE_OBJC_WEAK = YES;
				CLANG_WARN_BLOCK_CAPTURE_AUTORELEASING = YES;
				CLANG_WARN_BOOL_CONVERSION = YES;
				CLANG_WARN_COMMA = YES;
				CLANG_WARN_CONSTANT_CONVERSION = YES;
				CLANG_WARN_DEPRECATED_OBJC_IMPLEMENTATIONS = YES;
				CLANG_WARN_DIRECT_OBJC_ISA_USAGE = YES_ERROR;
				CLANG_WARN_DOCUMENTATION_COMMENTS = YES;
				CLANG_WARN_EMPTY_BODY = YES;
				CLANG_WARN_ENUM_CONVERSION = YES;
				CLANG_WARN_INFINITE_RECURSION = YES;
				CLANG_WARN_INT_CONVERSION = YES;
				CLANG_WARN_NON_LITERAL_NULL_CONVERSION = YES;
				CLANG_WARN_OBJC_IMPLICIT_RETAIN_SELF = YES;
				CLANG_WARN_OBJC_LITERAL_CONVERSION = YES;
				CLANG_WARN_OBJC_ROOT_CLASS = YES_ERROR;
				CLANG_WARN_QUOTED_INCLUDE_IN_FRAMEWORK_HEADER = YES;
				CLANG_WARN_RANGE_LOOP_ANALYSIS = YES;
				CLANG_WARN_STRICT_PROTOTYPES = YES;
				CLANG_WARN_SUSPICIOUS_MOVE = YES;
				CLANG_WARN_UNGUARDED_AVAILABILITY = YES_AGGRESSIVE;
				CLANG_WARN_UNREACHABLE_CODE = YES;
				CLANG_WARN__DUPLICATE_METHOD_MATCH = YES;
				COPY_PHASE_STRIP = NO;
				DEBUG_INFORMATION_FORMAT = "dwarf-with-dsym";
				ENABLE_NS_ASSERTIONS = NO;
				ENABLE_STRICT_OBJC_MSGSEND = YES;
				GCC_C_LANGUAGE_STANDARD = gnu11;
				GCC_NO_COMMON_BLOCKS = YES;
				GCC_WARN_64_TO_32_BIT_CONVERSION = YES;
				GCC_WARN_ABOUT_RETURN_TYPE = YES_ERROR;
				GCC_WARN_UNDECLARED_SELECTOR = YES;
				GCC_WARN_UNINITIALIZED_AUTOS = YES_AGGRESSIVE;
				GCC_WARN_UNUSED_FUNCTION = YES;
				GCC_WARN_UNUSED_VARIABLE = YES;
				IPHONEOS_DEPLOYMENT_TARGET = 16.2;
				MTL_ENABLE_DEBUG_INFO = NO;
				MTL_FAST_MATH = YES;
				SDKROOT = iphoneos;
				SWIFT_COMPILATION_MODE = wholemodule;
				SWIFT_OPTIMIZATION_LEVEL = "-O";
				VALIDATE_PRODUCT = YES;
			};
			name = Release;
		};
		638436BF29D6234300D05063 /* Debug */ = {
			isa = XCBuildConfiguration;
			buildSettings = {
				ASSETCATALOG_COMPILER_APPICON_NAME = AppIcon;
				ASSETCATALOG_COMPILER_GLOBAL_ACCENT_COLOR_NAME = AccentColor;
				CODE_SIGN_STYLE = Automatic;
				CURRENT_PROJECT_VERSION = 1;
				DEVELOPMENT_TEAM = B34M97ZY6W;
				GENERATE_INFOPLIST_FILE = YES;
				INFOPLIST_FILE = "16-SlideMenue/Info.plist";
				INFOPLIST_KEY_UIApplicationSupportsIndirectInputEvents = YES;
				INFOPLIST_KEY_UILaunchStoryboardName = LaunchScreen;
				INFOPLIST_KEY_UIMainStoryboardFile = Main;
				INFOPLIST_KEY_UISupportedInterfaceOrientations_iPad = "UIInterfaceOrientationPortrait UIInterfaceOrientationPortraitUpsideDown UIInterfaceOrientationLandscapeLeft UIInterfaceOrientationLandscapeRight";
				INFOPLIST_KEY_UISupportedInterfaceOrientations_iPhone = "UIInterfaceOrientationPortrait UIInterfaceOrientationLandscapeLeft UIInterfaceOrientationLandscapeRight";
				LD_RUNPATH_SEARCH_PATHS = (
					"$(inherited)",
					"@executable_path/Frameworks",
				);
				MARKETING_VERSION = 1.0;
				PRODUCT_BUNDLE_IDENTIFIER = "foranewlife.-6-SlideMenue";
				PRODUCT_NAME = "$(TARGET_NAME)";
				SWIFT_EMIT_LOC_STRINGS = YES;
				SWIFT_VERSION = 5.0;
				TARGETED_DEVICE_FAMILY = "1,2";
			};
			name = Debug;
		};
		638436C029D6234300D05063 /* Release */ = {
			isa = XCBuildConfiguration;
			buildSettings = {
				ASSETCATALOG_COMPILER_APPICON_NAME = AppIcon;
				ASSETCATALOG_COMPILER_GLOBAL_ACCENT_COLOR_NAME = AccentColor;
				CODE_SIGN_STYLE = Automatic;
				CURRENT_PROJECT_VERSION = 1;
				DEVELOPMENT_TEAM = B34M97ZY6W;
				GENERATE_INFOPLIST_FILE = YES;
				INFOPLIST_FILE = "16-SlideMenue/Info.plist";
				INFOPLIST_KEY_UIApplicationSupportsIndirectInputEvents = YES;
				INFOPLIST_KEY_UILaunchStoryboardName = LaunchScreen;
				INFOPLIST_KEY_UIMainStoryboardFile = Main;
				INFOPLIST_KEY_UISupportedInterfaceOrientations_iPad = "UIInterfaceOrientationPortrait UIInterfaceOrientationPortraitUpsideDown UIInterfaceOrientationLandscapeLeft UIInterfaceOrientationLandscapeRight";
				INFOPLIST_KEY_UISupportedInterfaceOrientations_iPhone = "UIInterfaceOrientationPortrait UIInterfaceOrientationLandscapeLeft UIInterfaceOrientationLandscapeRight";
				LD_RUNPATH_SEARCH_PATHS = (
					"$(inherited)",
					"@executable_path/Frameworks",
				);
				MARKETING_VERSION = 1.0;
				PRODUCT_BUNDLE_IDENTIFIER = "foranewlife.-6-SlideMenue";
				PRODUCT_NAME = "$(TARGET_NAME)";
				SWIFT_EMIT_LOC_STRINGS = YES;
				SWIFT_VERSION = 5.0;
				TARGETED_DEVICE_FAMILY = "1,2";
			};
			name = Release;
		};
/* End XCBuildConfiguration section */

/* Begin XCConfigurationList section */
		638436A529D6234200D05063 /* Build configuration list for PBXProject "16-SlideMenue" */ = {
			isa = XCConfigurationList;
			buildConfigurations = (
				638436BC29D6234300D05063 /* Debug */,
				638436BD29D6234300D05063 /* Release */,
			);
			defaultConfigurationIsVisible = 0;
			defaultConfigurationName = Release;
		};
		638436BE29D6234300D05063 /* Build configuration list for PBXNativeTarget "16-SlideMenue" */ = {
			isa = XCConfigurationList;
			buildConfigurations = (
				638436BF29D6234300D05063 /* Debug */,
				638436C029D6234300D05063 /* Release */,
			);
			defaultConfigurationIsVisible = 0;
			defaultConfigurationName = Release;
		};
/* End XCConfigurationList section */
	};
	rootObject = 638436A229D6234200D05063 /* Project object */;
}
