// !$*UTF8*$!
{
	archiveVersion = 1;
	classes = {
	};
	objectVersion = 56;
	objects = {

/* Begin PBXBuildFile section */
		634A17FA29C85028009F7352 /* ninni.mp3 in Resources */ = {isa = PBXBuildFile; fileRef = 634A17F929C85028009F7352 /* ninni.mp3 */; };
		63C5FAA529C75BAD00ECF89F /* AppDelegate.swift in Sources */ = {isa = PBXBuildFile; fileRef = 63C5FAA429C75BAD00ECF89F /* AppDelegate.swift */; };
		63C5FAA729C75BAD00ECF89F /* SceneDelegate.swift in Sources */ = {isa = PBXBuildFile; fileRef = 63C5FAA629C75BAD00ECF89F /* SceneDelegate.swift */; };
		63C5FAA929C75BAD00ECF89F /* ViewController.swift in Sources */ = {isa = PBXBuildFile; fileRef = 63C5FAA829C75BAD00ECF89F /* ViewController.swift */; };
		63C5FAAC29C75BAD00ECF89F /* Main.storyboard in Resources */ = {isa = PBXBuildFile; fileRef = 63C5FAAA29C75BAD00ECF89F /* Main.storyboard */; };
		63C5FAAE29C75BAE00ECF89F /* Assets.xcassets in Resources */ = {isa = PBXBuildFile; fileRef = 63C5FAAD29C75BAE00ECF89F /* Assets.xcassets */; };
		63C5FAB129C75BAE00ECF89F /* LaunchScreen.storyboard in Resources */ = {isa = PBXBuildFile; fileRef = 63C5FAAF29C75BAE00ECF89F /* LaunchScreen.storyboard */; };
/* End PBXBuildFile section */

/* Begin PBXFileReference section */
		634A17F929C85028009F7352 /* ninni.mp3 */ = {isa = PBXFileReference; lastKnownFileType = audio.mp3; path = ninni.mp3; sourceTree = SOURCE_ROOT; };
		63C5FAA129C75BAD00ECF89F /* 8-Colorization.app */ = {isa = PBXFileReference; explicitFileType = wrapper.application; includeInIndex = 0; path = "8-Colorization.app"; sourceTree = BUILT_PRODUCTS_DIR; };
		63C5FAA429C75BAD00ECF89F /* AppDelegate.swift */ = {isa = PBXFileReference; lastKnownFileType = sourcecode.swift; path = AppDelegate.swift; sourceTree = "<group>"; };
		63C5FAA629C75BAD00ECF89F /* SceneDelegate.swift */ = {isa = PBXFileReference; lastKnownFileType = sourcecode.swift; path = SceneDelegate.swift; sourceTree = "<group>"; };
		63C5FAA829C75BAD00ECF89F /* ViewController.swift */ = {isa = PBXFileReference; lastKnownFileType = sourcecode.swift; path = ViewController.swift; sourceTree = "<group>"; };
		63C5FAAB29C75BAD00ECF89F /* Base */ = {isa = PBXFileReference; lastKnownFileType = file.storyboard; name = Base; path = Base.lproj/Main.storyboard; sourceTree = "<group>"; };
		63C5FAAD29C75BAE00ECF89F /* Assets.xcassets */ = {isa = PBXFileReference; lastKnownFileType = folder.assetcatalog; path = Assets.xcassets; sourceTree = "<group>"; };
		63C5FAB029C75BAE00ECF89F /* Base */ = {isa = PBXFileReference; lastKnownFileType = file.storyboard; name = Base; path = Base.lproj/LaunchScreen.storyboard; sourceTree = "<group>"; };
		63C5FAB229C75BAE00ECF89F /* Info.plist */ = {isa = PBXFileReference; lastKnownFileType = text.plist.xml; path = Info.plist; sourceTree = "<group>"; };
/* End PBXFileReference section */

/* Begin PBXFrameworksBuildPhase section */
		63C5FA9E29C75BAD00ECF89F /* Frameworks */ = {
			isa = PBXFrameworksBuildPhase;
			buildActionMask = 2147483647;
			files = (
			);
			runOnlyForDeploymentPostprocessing = 0;
		};
/* End PBXFrameworksBuildPhase section */

/* Begin PBXGroup section */
		63C5FA9829C75BAD00ECF89F = {
			isa = PBXGroup;
			children = (
				63C5FAA329C75BAD00ECF89F /* 8-Colorization */,
				63C5FAA229C75BAD00ECF89F /* Products */,
			);
			sourceTree = "<group>";
		};
		63C5FAA229C75BAD00ECF89F /* Products */ = {
			isa = PBXGroup;
			children = (
				63C5FAA129C75BAD00ECF89F /* 8-Colorization.app */,
			);
			name = Products;
			sourceTree = "<group>";
		};
		63C5FAA329C75BAD00ECF89F /* 8-Colorization */ = {
			isa = PBXGroup;
			children = (
				63C5FAA429C75BAD00ECF89F /* AppDelegate.swift */,
				63C5FAA629C75BAD00ECF89F /* SceneDelegate.swift */,
				63C5FAA829C75BAD00ECF89F /* ViewController.swift */,
				63C5FAAA29C75BAD00ECF89F /* Main.storyboard */,
				63C5FAAD29C75BAE00ECF89F /* Assets.xcassets */,
				63C5FAAF29C75BAE00ECF89F /* LaunchScreen.storyboard */,
				63C5FAB229C75BAE00ECF89F /* Info.plist */,
				634A17F929C85028009F7352 /* ninni.mp3 */,
			);
			path = "8-Colorization";
			sourceTree = "<group>";
		};
/* End PBXGroup section */

/* Begin PBXNativeTarget section */
		63C5FAA029C75BAD00ECF89F /* 8-Colorization */ = {
			isa = PBXNativeTarget;
			buildConfigurationList = 63C5FAB529C75BAE00ECF89F /* Build configuration list for PBXNativeTarget "8-Colorization" */;
			buildPhases = (
				63C5FA9D29C75BAD00ECF89F /* Sources */,
				63C5FA9E29C75BAD00ECF89F /* Frameworks */,
				63C5FA9F29C75BAD00ECF89F /* Resources */,
			);
			buildRules = (
			);
			dependencies = (
			);
			name = "8-Colorization";
			productName = "8-Colorization";
			productReference = 63C5FAA129C75BAD00ECF89F /* 8-Colorization.app */;
			productType = "com.apple.product-type.application";
		};
/* End PBXNativeTarget section */

/* Begin PBXProject section */
		63C5FA9929C75BAD00ECF89F /* Project object */ = {
			isa = PBXProject;
			attributes = {
				BuildIndependentTargetsInParallel = 1;
				LastSwiftUpdateCheck = 1420;
				LastUpgradeCheck = 1420;
				TargetAttributes = {
					63C5FAA029C75BAD00ECF89F = {
						CreatedOnToolsVersion = 14.2;
					};
				};
			};
			buildConfigurationList = 63C5FA9C29C75BAD00ECF89F /* Build configuration list for PBXProject "8-Colorization" */;
			compatibilityVersion = "Xcode 14.0";
			developmentRegion = en;
			hasScannedForEncodings = 0;
			knownRegions = (
				en,
				Base,
			);
			mainGroup = 63C5FA9829C75BAD00ECF89F;
			productRefGroup = 63C5FAA229C75BAD00ECF89F /* Products */;
			projectDirPath = "";
			projectRoot = "";
			targets = (
				63C5FAA029C75BAD00ECF89F /* 8-Colorization */,
			);
		};
/* End PBXProject section */

/* Begin PBXResourcesBuildPhase section */
		63C5FA9F29C75BAD00ECF89F /* Resources */ = {
			isa = PBXResourcesBuildPhase;
			buildActionMask = 2147483647;
			files = (
				63C5FAB129C75BAE00ECF89F /* LaunchScreen.storyboard in Resources */,
				63C5FAAE29C75BAE00ECF89F /* Assets.xcassets in Resources */,
				63C5FAAC29C75BAD00ECF89F /* Main.storyboard in Resources */,
				634A17FA29C85028009F7352 /* ninni.mp3 in Resources */,
			);
			runOnlyForDeploymentPostprocessing = 0;
		};
/* End PBXResourcesBuildPhase section */

/* Begin PBXSourcesBuildPhase section */
		63C5FA9D29C75BAD00ECF89F /* Sources */ = {
			isa = PBXSourcesBuildPhase;
			buildActionMask = 2147483647;
			files = (
				63C5FAA929C75BAD00ECF89F /* ViewController.swift in Sources */,
				63C5FAA529C75BAD00ECF89F /* AppDelegate.swift in Sources */,
				63C5FAA729C75BAD00ECF89F /* SceneDelegate.swift in Sources */,
			);
			runOnlyForDeploymentPostprocessing = 0;
		};
/* End PBXSourcesBuildPhase section */

/* Begin PBXVariantGroup section */
		63C5FAAA29C75BAD00ECF89F /* Main.storyboard */ = {
			isa = PBXVariantGroup;
			children = (
				63C5FAAB29C75BAD00ECF89F /* Base */,
			);
			name = Main.storyboard;
			sourceTree = "<group>";
		};
		63C5FAAF29C75BAE00ECF89F /* LaunchScreen.storyboard */ = {
			isa = PBXVariantGroup;
			children = (
				63C5FAB029C75BAE00ECF89F /* Base */,
			);
			name = LaunchScreen.storyboard;
			sourceTree = "<group>";
		};
/* End PBXVariantGroup section */

/* Begin XCBuildConfiguration section */
		63C5FAB329C75BAE00ECF89F /* Debug */ = {
			isa = XCBuildConfiguration;
			buildSettings = {
				ALWAYS_SEARCH_USER_PATHS = NO;
				CLANG_ANALYZER_NONNULL = YES;
				CLANG_ANALYZER_NUMBER_OBJECT_CONVERSION = YES_AGGRESSIVE;
				CLANG_CXX_LANGUAGE_STANDARD = "gnu++20";
				CLANG_ENABLE_MODULES = YES;
				CLANG_ENABLE_OBJC_ARC = YES;
				CLANG_ENABLE_OBJC_WEAK = YES;
				CLANG_WARN_BLOCK_CAPTURE_AUTORELEASING = YES;
				CLANG_WARN_BOOL_CONVERSION = YES;
				CLANG_WARN_COMMA = YES;
				CLANG_WARN_CONSTANT_CONVERSION = YES;
				CLANG_WARN_DEPRECATED_OBJC_IMPLEMENTATIONS = YES;
				CLANG_WARN_DIRECT_OBJC_ISA_USAGE = YES_ERROR;
				CLANG_WARN_DOCUMENTATION_COMMENTS = YES;
				CLANG_WARN_EMPTY_BODY = YES;
				CLANG_WARN_ENUM_CONVERSION = YES;
				CLANG_WARN_INFINITE_RECURSION = YES;
				CLANG_WARN_INT_CONVERSION = YES;
				CLANG_WARN_NON_LITERAL_NULL_CONVERSION = YES;
				CLANG_WARN_OBJC_IMPLICIT_RETAIN_SELF = YES;
				CLANG_WARN_OBJC_LITERAL_CONVERSION = YES;
				CLANG_WARN_OBJC_ROOT_CLASS = YES_ERROR;
				CLANG_WARN_QUOTED_INCLUDE_IN_FRAMEWORK_HEADER = YES;
				CLANG_WARN_RANGE_LOOP_ANALYSIS = YES;
				CLANG_WARN_STRICT_PROTOTYPES = YES;
				CLANG_WARN_SUSPICIOUS_MOVE = YES;
				CLANG_WARN_UNGUARDED_AVAILABILITY = YES_AGGRESSIVE;
				CLANG_WARN_UNREACHABLE_CODE = YES;
				CLANG_WARN__DUPLICATE_METHOD_MATCH = YES;
				COPY_PHASE_STRIP = NO;
				DEBUG_INFORMATION_FORMAT = dwarf;
				ENABLE_STRICT_OBJC_MSGSEND = YES;
				ENABLE_TESTABILITY = YES;
				GCC_C_LANGUAGE_STANDARD = gnu11;
				GCC_DYNAMIC_NO_PIC = NO;
				GCC_NO_COMMON_BLOCKS = YES;
				GCC_OPTIMIZATION_LEVEL = 0;
				GCC_PREPROCESSOR_DEFINITIONS = (
					"DEBUG=1",
					"$(inherited)",
				);
				GCC_WARN_64_TO_32_BIT_CONVERSION = YES;
				GCC_WARN_ABOUT_RETURN_TYPE = YES_ERROR;
				GCC_WARN_UNDECLARED_SELECTOR = YES;
				GCC_WARN_UNINITIALIZED_AUTOS = YES_AGGRESSIVE;
				GCC_WARN_UNUSED_FUNCTION = YES;
				GCC_WARN_UNUSED_VARIABLE = YES;
				IPHONEOS_DEPLOYMENT_TARGET = 16.2;
				MTL_ENABLE_DEBUG_INFO = INCLUDE_SOURCE;
				MTL_FAST_MATH = YES;
				ONLY_ACTIVE_ARCH = YES;
				SDKROOT = iphoneos;
				SWIFT_ACTIVE_COMPILATION_CONDITIONS = DEBUG;
				SWIFT_OPTIMIZATION_LEVEL = "-Onone";
			};
			name = Debug;
		};
		63C5FAB429C75BAE00ECF89F /* Release */ = {
			isa = XCBuildConfiguration;
			buildSettings = {
				ALWAYS_SEARCH_USER_PATHS = NO;
				CLANG_ANALYZER_NONNULL = YES;
				CLANG_ANALYZER_NUMBER_OBJECT_CONVERSION = YES_AGGRESSIVE;
				CLANG_CXX_LANGUAGE_STANDARD = "gnu++20";
				CLANG_ENABLE_MODULES = YES;
				CLANG_ENABLE_OBJC_ARC = YES;
				CLANG_ENABLE_OBJC_WEAK = YES;
				CLANG_WARN_BLOCK_CAPTURE_AUTORELEASING = YES;
				CLANG_WARN_BOOL_CONVERSION = YES;
				CLANG_WARN_COMMA = YES;
				CLANG_WARN_CONSTANT_CONVERSION = YES;
				CLANG_WARN_DEPRECATED_OBJC_IMPLEMENTATIONS = YES;
				CLANG_WARN_DIRECT_OBJC_ISA_USAGE = YES_ERROR;
				CLANG_WARN_DOCUMENTATION_COMMENTS = YES;
				CLANG_WARN_EMPTY_BODY = YES;
				CLANG_WARN_ENUM_CONVERSION = YES;
				CLANG_WARN_INFINITE_RECURSION = YES;
				CLANG_WARN_INT_CONVERSION = YES;
				CLANG_WARN_NON_LITERAL_NULL_CONVERSION = YES;
				CLANG_WARN_OBJC_IMPLICIT_RETAIN_SELF = YES;
				CLANG_WARN_OBJC_LITERAL_CONVERSION = YES;
				CLANG_WARN_OBJC_ROOT_CLASS = YES_ERROR;
				CLANG_WARN_QUOTED_INCLUDE_IN_FRAMEWORK_HEADER = YES;
				CLANG_WARN_RANGE_LOOP_ANALYSIS = YES;
				CLANG_WARN_STRICT_PROTOTYPES = YES;
				CLANG_WARN_SUSPICIOUS_MOVE = YES;
				CLANG_WARN_UNGUARDED_AVAILABILITY = YES_AGGRESSIVE;
				CLANG_WARN_UNREACHABLE_CODE = YES;
				CLANG_WARN__DUPLICATE_METHOD_MATCH = YES;
				COPY_PHASE_STRIP = NO;
				DEBUG_INFORMATION_FORMAT = "dwarf-with-dsym";
				ENABLE_NS_ASSERTIONS = NO;
				ENABLE_STRICT_OBJC_MSGSEND = YES;
				GCC_C_LANGUAGE_STANDARD = gnu11;
				GCC_NO_COMMON_BLOCKS = YES;
				GCC_WARN_64_TO_32_BIT_CONVERSION = YES;
				GCC_WARN_ABOUT_RETURN_TYPE = YES_ERROR;
				GCC_WARN_UNDECLARED_SELECTOR = YES;
				GCC_WARN_UNINITIALIZED_AUTOS = YES_AGGRESSIVE;
				GCC_WARN_UNUSED_FUNCTION = YES;
				GCC_WARN_UNUSED_VARIABLE = YES;
				IPHONEOS_DEPLOYMENT_TARGET = 16.2;
				MTL_ENABLE_DEBUG_INFO = NO;
				MTL_FAST_MATH = YES;
				SDKROOT = iphoneos;
				SWIFT_COMPILATION_MODE = wholemodule;
				SWIFT_OPTIMIZATION_LEVEL = "-O";
				VALIDATE_PRODUCT = YES;
			};
			name = Release;
		};
		63C5FAB629C75BAE00ECF89F /* Debug */ = {
			isa = XCBuildConfiguration;
			buildSettings = {
				ASSETCATALOG_COMPILER_APPICON_NAME = AppIcon;
				ASSETCATALOG_COMPILER_GLOBAL_ACCENT_COLOR_NAME = AccentColor;
				CODE_SIGN_STYLE = Automatic;
				CURRENT_PROJECT_VERSION = 1;
				DEVELOPMENT_TEAM = B34M97ZY6W;
				GENERATE_INFOPLIST_FILE = YES;
				INFOPLIST_FILE = "8-Colorization/Info.plist";
				INFOPLIST_KEY_UIApplicationSupportsIndirectInputEvents = YES;
				INFOPLIST_KEY_UILaunchStoryboardName = LaunchScreen;
				INFOPLIST_KEY_UIMainStoryboardFile = Main;
				INFOPLIST_KEY_UISupportedInterfaceOrientations = UIInterfaceOrientationPortrait;
				LD_RUNPATH_SEARCH_PATHS = (
					"$(inherited)",
					"@executable_path/Frameworks",
				);
				MARKETING_VERSION = 1.0;
				PRODUCT_BUNDLE_IDENTIFIER = "foranewlife.--Colorization";
				PRODUCT_NAME = "$(TARGET_NAME)";
				SWIFT_EMIT_LOC_STRINGS = YES;
				SWIFT_VERSION = 5.0;
				TARGETED_DEVICE_FAMILY = "1,2";
			};
			name = Debug;
		};
		63C5FAB729C75BAE00ECF89F /* Release */ = {
			isa = XCBuildConfiguration;
			buildSettings = {
				ASSETCATALOG_COMPILER_APPICON_NAME = AppIcon;
				ASSETCATALOG_COMPILER_GLOBAL_ACCENT_COLOR_NAME = AccentColor;
				CODE_SIGN_STYLE = Automatic;
				CURRENT_PROJECT_VERSION = 1;
				DEVELOPMENT_TEAM = B34M97ZY6W;
				GENERATE_INFOPLIST_FILE = YES;
				INFOPLIST_FILE = "8-Colorization/Info.plist";
				INFOPLIST_KEY_UIApplicationSupportsIndirectInputEvents = YES;
				INFOPLIST_KEY_UILaunchStoryboardName = LaunchScreen;
				INFOPLIST_KEY_UIMainStoryboardFile = Main;
				INFOPLIST_KEY_UISupportedInterfaceOrientations = UIInterfaceOrientationPortrait;
				LD_RUNPATH_SEARCH_PATHS = (
					"$(inherited)",
					"@executable_path/Frameworks",
				);
				MARKETING_VERSION = 1.0;
				PRODUCT_BUNDLE_IDENTIFIER = "foranewlife.--Colorization";
				PRODUCT_NAME = "$(TARGET_NAME)";
				SWIFT_EMIT_LOC_STRINGS = YES;
				SWIFT_VERSION = 5.0;
				TARGETED_DEVICE_FAMILY = "1,2";
			};
			name = Release;
		};
/* End XCBuildConfiguration section */

/* Begin XCConfigurationList section */
		63C5FA9C29C75BAD00ECF89F /* Build configuration list for PBXProject "8-Colorization" */ = {
			isa = XCConfigurationList;
			buildConfigurations = (
				63C5FAB329C75BAE00ECF89F /* Debug */,
				63C5FAB429C75BAE00ECF89F /* Release */,
			);
			defaultConfigurationIsVisible = 0;
			defaultConfigurationName = Release;
		};
		63C5FAB529C75BAE00ECF89F /* Build configuration list for PBXNativeTarget "8-Colorization" */ = {
			isa = XCConfigurationList;
			buildConfigurations = (
				63C5FAB629C75BAE00ECF89F /* Debug */,
				63C5FAB729C75BAE00ECF89F /* Release */,
			);
			defaultConfigurationIsVisible = 0;
			defaultConfigurationName = Release;
		};
/* End XCConfigurationList section */
	};
	rootObject = 63C5FA9929C75BAD00ECF89F /* Project object */;
}
